// !$*UTF8*$!
{
	archiveVersion = 1;
	classes = {
	};
	objectVersion = 56;
	objects = {

/* Begin PBXBuildFile section */
		BF188EB52AA0E17400955836 /* ContentViewModel.swift in Sources */ = {isa = PBXBuildFile; fileRef = BF188EB42AA0E17400955836 /* ContentViewModel.swift */; };
		BF188EB82AA0E33D00955836 /* Localizable.xcstrings in Resources */ = {isa = PBXBuildFile; fileRef = BF188EB72AA0E33D00955836 /* Localizable.xcstrings */; };
		BF188EBA2AA0E38B00955836 /* DetailView.swift in Sources */ = {isa = PBXBuildFile; fileRef = BF188EB92AA0E38B00955836 /* DetailView.swift */; };
		BF188EBC2AA0E39600955836 /* DetailViewModel.swift in Sources */ = {isa = PBXBuildFile; fileRef = BF188EBB2AA0E39600955836 /* DetailViewModel.swift */; };
		BF188EBE2AA0E3AD00955836 /* DetailViewModelTests.swift in Sources */ = {isa = PBXBuildFile; fileRef = BF188EBD2AA0E3AD00955836 /* DetailViewModelTests.swift */; };
		BF188EC12AA1075400955836 /* TopHeadlinesDTO+Mapping.swift in Sources */ = {isa = PBXBuildFile; fileRef = BF188EC02AA1075400955836 /* TopHeadlinesDTO+Mapping.swift */; };
		BF188EC32AA107A000955836 /* ArticleDTO+Mapping.swift in Sources */ = {isa = PBXBuildFile; fileRef = BF188EC22AA107A000955836 /* ArticleDTO+Mapping.swift */; };
		BF188EC52AA107B000955836 /* SourceDTO+Mapping.swift in Sources */ = {isa = PBXBuildFile; fileRef = BF188EC42AA107B000955836 /* SourceDTO+Mapping.swift */; };
		BF188EC72AA1098400955836 /* TopHeadlinesRepository.swift in Sources */ = {isa = PBXBuildFile; fileRef = BF188EC62AA1098400955836 /* TopHeadlinesRepository.swift */; };
		BF2D347E2AA4CD950010ED42 /* String+Extensions.swift in Sources */ = {isa = PBXBuildFile; fileRef = BF2D347D2AA4CD950010ED42 /* String+Extensions.swift */; };
		BF2D34802AA4D4A00010ED42 /* TopHeadlinesQueriesRepository.swift in Sources */ = {isa = PBXBuildFile; fileRef = BF2D347F2AA4D4A00010ED42 /* TopHeadlinesQueriesRepository.swift */; };
		BF2D34822AA4DC630010ED42 /* TopHeadlinesDataController.swift in Sources */ = {isa = PBXBuildFile; fileRef = BF2D34812AA4DC630010ED42 /* TopHeadlinesDataController.swift */; };
		BF2D34842AA4F4A30010ED42 /* ReadTopHeadlinesUseCase.swift in Sources */ = {isa = PBXBuildFile; fileRef = BF2D34832AA4F4A30010ED42 /* ReadTopHeadlinesUseCase.swift */; };
		BF2D34862AA4F9900010ED42 /* FetchRequestTopHeadlinesUseCase.swift in Sources */ = {isa = PBXBuildFile; fileRef = BF2D34852AA4F9900010ED42 /* FetchRequestTopHeadlinesUseCase.swift */; };
		BF2D34882AA4FBAB0010ED42 /* ViewModelDI.swift in Sources */ = {isa = PBXBuildFile; fileRef = BF2D34872AA4FBAB0010ED42 /* ViewModelDI.swift */; };
		BF2D348A2AA50F290010ED42 /* SaveTopHeadlinesUseCase.swift in Sources */ = {isa = PBXBuildFile; fileRef = BF2D34892AA50F290010ED42 /* SaveTopHeadlinesUseCase.swift */; };
		BF50E3B82AA53C1200283142 /* DeleteTopHeadlinesUseCase.swift in Sources */ = {isa = PBXBuildFile; fileRef = BF50E3B72AA53C1200283142 /* DeleteTopHeadlinesUseCase.swift */; };
		BF72AA8B2AA0BFD300368DA5 /* BobbysNewsApp.swift in Sources */ = {isa = PBXBuildFile; fileRef = BF72AA8A2AA0BFD300368DA5 /* BobbysNewsApp.swift */; };
		BF72AA8D2AA0BFD300368DA5 /* DataController.swift in Sources */ = {isa = PBXBuildFile; fileRef = BF72AA8C2AA0BFD300368DA5 /* DataController.swift */; };
		BF72AA902AA0BFD300368DA5 /* BobbysNews.xcdatamodeld in Sources */ = {isa = PBXBuildFile; fileRef = BF72AA8E2AA0BFD300368DA5 /* BobbysNews.xcdatamodeld */; };
		BF72AA922AA0BFD300368DA5 /* ContentView.swift in Sources */ = {isa = PBXBuildFile; fileRef = BF72AA912AA0BFD300368DA5 /* ContentView.swift */; };
		BF72AA942AA0BFD400368DA5 /* Assets.xcassets in Resources */ = {isa = PBXBuildFile; fileRef = BF72AA932AA0BFD400368DA5 /* Assets.xcassets */; };
		BF72AAA32AA0BFD400368DA5 /* ContentViewModelTests.swift in Sources */ = {isa = PBXBuildFile; fileRef = BF72AAA22AA0BFD400368DA5 /* ContentViewModelTests.swift */; };
		BF72AAAD2AA0BFD400368DA5 /* BobbysNewsUITests.swift in Sources */ = {isa = PBXBuildFile; fileRef = BF72AAAC2AA0BFD400368DA5 /* BobbysNewsUITests.swift */; };
		BF72AAAF2AA0BFD400368DA5 /* BobbysNewsUITestsLaunchTests.swift in Sources */ = {isa = PBXBuildFile; fileRef = BF72AAAE2AA0BFD400368DA5 /* BobbysNewsUITestsLaunchTests.swift */; };
		BF7DFCB62AA1338100FCB11C /* ContentViewTests.swift in Sources */ = {isa = PBXBuildFile; fileRef = BF7DFCB52AA1338100FCB11C /* ContentViewTests.swift */; };
		BF7DFCB82AA133B400FCB11C /* DetailViewTests.swift in Sources */ = {isa = PBXBuildFile; fileRef = BF7DFCB72AA133B400FCB11C /* DetailViewTests.swift */; };
		BFD1B8AE2AA5E70F000ED973 /* ViewModelDITests.swift in Sources */ = {isa = PBXBuildFile; fileRef = BFD1B8AD2AA5E70F000ED973 /* ViewModelDITests.swift */; };
		BFD1B8B12AA5F2B0000ED973 /* TopHeadlinesQueriesRepositoryTests.swift in Sources */ = {isa = PBXBuildFile; fileRef = BFD1B8B02AA5F2B0000ED973 /* TopHeadlinesQueriesRepositoryTests.swift */; };
		BFD1B8B32AA5F2C2000ED973 /* TopHeadlinesRepositoryTests.swift in Sources */ = {isa = PBXBuildFile; fileRef = BFD1B8B22AA5F2C2000ED973 /* TopHeadlinesRepositoryTests.swift */; };
		BFD1B8B92AA5FCE7000ED973 /* TopHeadlinesDataControllerMock.swift in Sources */ = {isa = PBXBuildFile; fileRef = BFD1B8B82AA5FCE7000ED973 /* TopHeadlinesDataControllerMock.swift */; };
		BFD1B8BB2AA60786000ED973 /* TopHeadlinesQueriesRepositoryMock.swift in Sources */ = {isa = PBXBuildFile; fileRef = BFD1B8BA2AA60786000ED973 /* TopHeadlinesQueriesRepositoryMock.swift */; };
		BFD1B8BD2AA61A09000ED973 /* TopHeadlinesRepositoryMock.swift in Sources */ = {isa = PBXBuildFile; fileRef = BFD1B8BC2AA61A09000ED973 /* TopHeadlinesRepositoryMock.swift */; };
		BFD1B8C42AA634B9000ED973 /* DateExtensionsTests.swift in Sources */ = {isa = PBXBuildFile; fileRef = BFD1B8C32AA634B9000ED973 /* DateExtensionsTests.swift */; };
		BFD1B8C72AA6350B000ED973 /* StringExtensionsTests.swift in Sources */ = {isa = PBXBuildFile; fileRef = BFD1B8C62AA6350B000ED973 /* StringExtensionsTests.swift */; };
		BFD1B8CA2AA637F8000ED973 /* DeleteTopHeadlinesUseCaseTests.swift in Sources */ = {isa = PBXBuildFile; fileRef = BFD1B8C92AA637F8000ED973 /* DeleteTopHeadlinesUseCaseTests.swift */; };
		BFD1B8CC2AA63808000ED973 /* FetchRequestTopHeadlinesUseCaseTests.swift in Sources */ = {isa = PBXBuildFile; fileRef = BFD1B8CB2AA63808000ED973 /* FetchRequestTopHeadlinesUseCaseTests.swift */; };
		BFD1B8CE2AA6382A000ED973 /* FetchTopHeadlinesUseCaseTests.swift in Sources */ = {isa = PBXBuildFile; fileRef = BFD1B8CD2AA6382A000ED973 /* FetchTopHeadlinesUseCaseTests.swift */; };
		BFD1B8D02AA63838000ED973 /* ReadTopHeadlinesUseCaseTests.swift in Sources */ = {isa = PBXBuildFile; fileRef = BFD1B8CF2AA63838000ED973 /* ReadTopHeadlinesUseCaseTests.swift */; };
		BFD1B8D22AA63849000ED973 /* SaveTopHeadlinesUseCaseTests.swift in Sources */ = {isa = PBXBuildFile; fileRef = BFD1B8D12AA63849000ED973 /* SaveTopHeadlinesUseCaseTests.swift */; };
		BFD1B8D42AA65B90000ED973 /* TopHeadlinesTests.swift in Sources */ = {isa = PBXBuildFile; fileRef = BFD1B8D32AA65B90000ED973 /* TopHeadlinesTests.swift */; };
		BFD1B8D72AA65C0D000ED973 /* TopHeadlinesDTOMappingTests.swift in Sources */ = {isa = PBXBuildFile; fileRef = BFD1B8D62AA65C0D000ED973 /* TopHeadlinesDTOMappingTests.swift */; };
		BFD1B8D92AA65D72000ED973 /* SourceDTOMappingTests.swift in Sources */ = {isa = PBXBuildFile; fileRef = BFD1B8D82AA65D72000ED973 /* SourceDTOMappingTests.swift */; };
		BFD1B8DB2AA65D94000ED973 /* ArticleDTOMappingTests.swift in Sources */ = {isa = PBXBuildFile; fileRef = BFD1B8DA2AA65D94000ED973 /* ArticleDTOMappingTests.swift */; };
		BFD1B8DD2AA66160000ED973 /* ArticleTests.swift in Sources */ = {isa = PBXBuildFile; fileRef = BFD1B8DC2AA66160000ED973 /* ArticleTests.swift */; };
		BFD1B8E12AA66176000ED973 /* SourceTests.swift in Sources */ = {isa = PBXBuildFile; fileRef = BFD1B8E02AA66176000ED973 /* SourceTests.swift */; };
		BFD1B8E32AA662DB000ED973 /* ArticleEntityMappingTests.swift in Sources */ = {isa = PBXBuildFile; fileRef = BFD1B8E22AA662DB000ED973 /* ArticleEntityMappingTests.swift */; };
		BFDA4B3F2AA743E600E9221F /* SourcesDTO+Mapping.swift in Sources */ = {isa = PBXBuildFile; fileRef = BFDA4B3E2AA743E600E9221F /* SourcesDTO+Mapping.swift */; };
		BFDA4B412AA7467700E9221F /* Sources.swift in Sources */ = {isa = PBXBuildFile; fileRef = BFDA4B402AA7467700E9221F /* Sources.swift */; };
		BFDA4B432AA74C4F00E9221F /* FetchTopHeadlinesSourcesUseCase.swift in Sources */ = {isa = PBXBuildFile; fileRef = BFDA4B422AA74C4F00E9221F /* FetchTopHeadlinesSourcesUseCase.swift */; };
		BFDA4B452AA74CB600E9221F /* FetchTopHeadlinesSourcesUseCaseTests.swift in Sources */ = {isa = PBXBuildFile; fileRef = BFDA4B442AA74CB600E9221F /* FetchTopHeadlinesSourcesUseCaseTests.swift */; };
		BFDA4B472AA7629600E9221F /* SourcesDTOMappingTests.swift in Sources */ = {isa = PBXBuildFile; fileRef = BFDA4B462AA7629600E9221F /* SourcesDTOMappingTests.swift */; };
		BFDA4B492AA7638E00E9221F /* SourcesTests.swift in Sources */ = {isa = PBXBuildFile; fileRef = BFDA4B482AA7638E00E9221F /* SourcesTests.swift */; };
		BFDA4B4B2AA76B7C00E9221F /* SourceEntity+Mapping.swift in Sources */ = {isa = PBXBuildFile; fileRef = BFDA4B4A2AA76B7C00E9221F /* SourceEntity+Mapping.swift */; };
		BFDA4B522AA76C3900E9221F /* SourceEntityMappingTests.swift in Sources */ = {isa = PBXBuildFile; fileRef = BFDA4B512AA76C3900E9221F /* SourceEntityMappingTests.swift */; };
		BFDA4B5C2AA7803800E9221F /* FetchRequestTopHeadlinesSourcesUseCase.swift in Sources */ = {isa = PBXBuildFile; fileRef = BFDA4B5B2AA7803800E9221F /* FetchRequestTopHeadlinesSourcesUseCase.swift */; };
		BFDA4B622AA780F000E9221F /* FetchRequestTopHeadlinesSourcesUseCaseTests.swift in Sources */ = {isa = PBXBuildFile; fileRef = BFDA4B612AA780F000E9221F /* FetchRequestTopHeadlinesSourcesUseCaseTests.swift */; };
		BFDA4B642AA7811200E9221F /* ReadTopHeadlinesSourcesUseCase.swift in Sources */ = {isa = PBXBuildFile; fileRef = BFDA4B632AA7811200E9221F /* ReadTopHeadlinesSourcesUseCase.swift */; };
		BFDA4B662AA7815F00E9221F /* SaveTopHeadlinesSourcesUseCase.swift in Sources */ = {isa = PBXBuildFile; fileRef = BFDA4B652AA7815F00E9221F /* SaveTopHeadlinesSourcesUseCase.swift */; };
		BFDA4B682AA7817600E9221F /* SaveTopHeadlinesSourcesUseCaseTests.swift in Sources */ = {isa = PBXBuildFile; fileRef = BFDA4B672AA7817600E9221F /* SaveTopHeadlinesSourcesUseCaseTests.swift */; };
		BFDA4B6A2AA7818400E9221F /* ReadTopHeadlinesSourcesUseCaseTests.swift in Sources */ = {isa = PBXBuildFile; fileRef = BFDA4B692AA7818400E9221F /* ReadTopHeadlinesSourcesUseCaseTests.swift */; };
		BFDA4B6D2AA7CB4200E9221F /* TopHeadlinesDataControllerTests.swift in Sources */ = {isa = PBXBuildFile; fileRef = BFDA4B6C2AA7CB4200E9221F /* TopHeadlinesDataControllerTests.swift */; };
		BFDCAEE72AA25EDA004B0316 /* FetchTopHeadlinesUseCase.swift in Sources */ = {isa = PBXBuildFile; fileRef = BFDCAEE62AA25EDA004B0316 /* FetchTopHeadlinesUseCase.swift */; };
		BFDCAEEA2AA26C8B004B0316 /* AppConfiguration.swift in Sources */ = {isa = PBXBuildFile; fileRef = BFDCAEE92AA26C8B004B0316 /* AppConfiguration.swift */; };
		BFDCAEEF2AA277EF004B0316 /* ArticleEntity+Mapping.swift in Sources */ = {isa = PBXBuildFile; fileRef = BFDCAEEE2AA277EF004B0316 /* ArticleEntity+Mapping.swift */; };
		BFDCAEF12AA27D92004B0316 /* Article.swift in Sources */ = {isa = PBXBuildFile; fileRef = BFDCAEF02AA27D92004B0316 /* Article.swift */; };
		BFDCAEF32AA27DC8004B0316 /* Source.swift in Sources */ = {isa = PBXBuildFile; fileRef = BFDCAEF22AA27DC8004B0316 /* Source.swift */; };
		BFDCAEF52AA27DEC004B0316 /* TopHeadlines.swift in Sources */ = {isa = PBXBuildFile; fileRef = BFDCAEF42AA27DEC004B0316 /* TopHeadlines.swift */; };
		BFDD66972AA3B4BD00BB49CE /* Date+Extensions.swift in Sources */ = {isa = PBXBuildFile; fileRef = BFDD66962AA3B4BD00BB49CE /* Date+Extensions.swift */; };
/* End PBXBuildFile section */

/* Begin PBXContainerItemProxy section */
		BF72AA9F2AA0BFD400368DA5 /* PBXContainerItemProxy */ = {
			isa = PBXContainerItemProxy;
			containerPortal = BF72AA7F2AA0BFD300368DA5 /* Project object */;
			proxyType = 1;
			remoteGlobalIDString = BF72AA862AA0BFD300368DA5;
			remoteInfo = BobbysNews;
		};
		BF72AAA92AA0BFD400368DA5 /* PBXContainerItemProxy */ = {
			isa = PBXContainerItemProxy;
			containerPortal = BF72AA7F2AA0BFD300368DA5 /* Project object */;
			proxyType = 1;
			remoteGlobalIDString = BF72AA862AA0BFD300368DA5;
			remoteInfo = BobbysNews;
		};
/* End PBXContainerItemProxy section */

/* Begin PBXFileReference section */
		BF188EB42AA0E17400955836 /* ContentViewModel.swift */ = {isa = PBXFileReference; lastKnownFileType = sourcecode.swift; path = ContentViewModel.swift; sourceTree = "<group>"; };
		BF188EB72AA0E33D00955836 /* Localizable.xcstrings */ = {isa = PBXFileReference; lastKnownFileType = text.json.xcstrings; path = Localizable.xcstrings; sourceTree = "<group>"; };
		BF188EB92AA0E38B00955836 /* DetailView.swift */ = {isa = PBXFileReference; lastKnownFileType = sourcecode.swift; path = DetailView.swift; sourceTree = "<group>"; };
		BF188EBB2AA0E39600955836 /* DetailViewModel.swift */ = {isa = PBXFileReference; lastKnownFileType = sourcecode.swift; path = DetailViewModel.swift; sourceTree = "<group>"; };
		BF188EBD2AA0E3AD00955836 /* DetailViewModelTests.swift */ = {isa = PBXFileReference; lastKnownFileType = sourcecode.swift; path = DetailViewModelTests.swift; sourceTree = "<group>"; };
		BF188EC02AA1075400955836 /* TopHeadlinesDTO+Mapping.swift */ = {isa = PBXFileReference; lastKnownFileType = sourcecode.swift; path = "TopHeadlinesDTO+Mapping.swift"; sourceTree = "<group>"; };
		BF188EC22AA107A000955836 /* ArticleDTO+Mapping.swift */ = {isa = PBXFileReference; lastKnownFileType = sourcecode.swift; path = "ArticleDTO+Mapping.swift"; sourceTree = "<group>"; };
		BF188EC42AA107B000955836 /* SourceDTO+Mapping.swift */ = {isa = PBXFileReference; lastKnownFileType = sourcecode.swift; path = "SourceDTO+Mapping.swift"; sourceTree = "<group>"; };
		BF188EC62AA1098400955836 /* TopHeadlinesRepository.swift */ = {isa = PBXFileReference; lastKnownFileType = sourcecode.swift; path = TopHeadlinesRepository.swift; sourceTree = "<group>"; };
		BF2D347D2AA4CD950010ED42 /* String+Extensions.swift */ = {isa = PBXFileReference; lastKnownFileType = sourcecode.swift; path = "String+Extensions.swift"; sourceTree = "<group>"; };
		BF2D347F2AA4D4A00010ED42 /* TopHeadlinesQueriesRepository.swift */ = {isa = PBXFileReference; lastKnownFileType = sourcecode.swift; path = TopHeadlinesQueriesRepository.swift; sourceTree = "<group>"; };
		BF2D34812AA4DC630010ED42 /* TopHeadlinesDataController.swift */ = {isa = PBXFileReference; lastKnownFileType = sourcecode.swift; path = TopHeadlinesDataController.swift; sourceTree = "<group>"; };
		BF2D34832AA4F4A30010ED42 /* ReadTopHeadlinesUseCase.swift */ = {isa = PBXFileReference; lastKnownFileType = sourcecode.swift; path = ReadTopHeadlinesUseCase.swift; sourceTree = "<group>"; };
		BF2D34852AA4F9900010ED42 /* FetchRequestTopHeadlinesUseCase.swift */ = {isa = PBXFileReference; lastKnownFileType = sourcecode.swift; path = FetchRequestTopHeadlinesUseCase.swift; sourceTree = "<group>"; };
		BF2D34872AA4FBAB0010ED42 /* ViewModelDI.swift */ = {isa = PBXFileReference; lastKnownFileType = sourcecode.swift; path = ViewModelDI.swift; sourceTree = "<group>"; };
		BF2D34892AA50F290010ED42 /* SaveTopHeadlinesUseCase.swift */ = {isa = PBXFileReference; lastKnownFileType = sourcecode.swift; path = SaveTopHeadlinesUseCase.swift; sourceTree = "<group>"; };
		BF50E3B72AA53C1200283142 /* DeleteTopHeadlinesUseCase.swift */ = {isa = PBXFileReference; lastKnownFileType = sourcecode.swift; path = DeleteTopHeadlinesUseCase.swift; sourceTree = "<group>"; };
		BF72AA872AA0BFD300368DA5 /* BobbysNews.app */ = {isa = PBXFileReference; explicitFileType = wrapper.application; includeInIndex = 0; path = BobbysNews.app; sourceTree = BUILT_PRODUCTS_DIR; };
		BF72AA8A2AA0BFD300368DA5 /* BobbysNewsApp.swift */ = {isa = PBXFileReference; lastKnownFileType = sourcecode.swift; path = BobbysNewsApp.swift; sourceTree = "<group>"; };
		BF72AA8C2AA0BFD300368DA5 /* DataController.swift */ = {isa = PBXFileReference; lastKnownFileType = sourcecode.swift; path = DataController.swift; sourceTree = "<group>"; };
		BF72AA8F2AA0BFD300368DA5 /* BobbysNews.xcdatamodel */ = {isa = PBXFileReference; lastKnownFileType = wrapper.xcdatamodel; path = BobbysNews.xcdatamodel; sourceTree = "<group>"; };
		BF72AA912AA0BFD300368DA5 /* ContentView.swift */ = {isa = PBXFileReference; lastKnownFileType = sourcecode.swift; path = ContentView.swift; sourceTree = "<group>"; };
		BF72AA932AA0BFD400368DA5 /* Assets.xcassets */ = {isa = PBXFileReference; lastKnownFileType = folder.assetcatalog; path = Assets.xcassets; sourceTree = "<group>"; };
		BF72AA952AA0BFD400368DA5 /* BobbysNews.entitlements */ = {isa = PBXFileReference; lastKnownFileType = text.plist.entitlements; path = BobbysNews.entitlements; sourceTree = "<group>"; };
		BF72AA992AA0BFD400368DA5 /* Info.plist */ = {isa = PBXFileReference; lastKnownFileType = text.plist.xml; path = Info.plist; sourceTree = "<group>"; };
		BF72AA9E2AA0BFD400368DA5 /* BobbysNewsTests.xctest */ = {isa = PBXFileReference; explicitFileType = wrapper.cfbundle; includeInIndex = 0; path = BobbysNewsTests.xctest; sourceTree = BUILT_PRODUCTS_DIR; };
		BF72AAA22AA0BFD400368DA5 /* ContentViewModelTests.swift */ = {isa = PBXFileReference; lastKnownFileType = sourcecode.swift; path = ContentViewModelTests.swift; sourceTree = "<group>"; };
		BF72AAA82AA0BFD400368DA5 /* BobbysNewsUITests.xctest */ = {isa = PBXFileReference; explicitFileType = wrapper.cfbundle; includeInIndex = 0; path = BobbysNewsUITests.xctest; sourceTree = BUILT_PRODUCTS_DIR; };
		BF72AAAC2AA0BFD400368DA5 /* BobbysNewsUITests.swift */ = {isa = PBXFileReference; lastKnownFileType = sourcecode.swift; path = BobbysNewsUITests.swift; sourceTree = "<group>"; };
		BF72AAAE2AA0BFD400368DA5 /* BobbysNewsUITestsLaunchTests.swift */ = {isa = PBXFileReference; lastKnownFileType = sourcecode.swift; path = BobbysNewsUITestsLaunchTests.swift; sourceTree = "<group>"; };
		BF7DFCB52AA1338100FCB11C /* ContentViewTests.swift */ = {isa = PBXFileReference; lastKnownFileType = sourcecode.swift; path = ContentViewTests.swift; sourceTree = "<group>"; };
		BF7DFCB72AA133B400FCB11C /* DetailViewTests.swift */ = {isa = PBXFileReference; lastKnownFileType = sourcecode.swift; path = DetailViewTests.swift; sourceTree = "<group>"; };
		BFBDD9192AA0C75700A4D6DF /* Tests.xctestplan */ = {isa = PBXFileReference; lastKnownFileType = text; path = Tests.xctestplan; sourceTree = "<group>"; };
		BFD1B8AD2AA5E70F000ED973 /* ViewModelDITests.swift */ = {isa = PBXFileReference; lastKnownFileType = sourcecode.swift; path = ViewModelDITests.swift; sourceTree = "<group>"; };
		BFD1B8B02AA5F2B0000ED973 /* TopHeadlinesQueriesRepositoryTests.swift */ = {isa = PBXFileReference; lastKnownFileType = sourcecode.swift; path = TopHeadlinesQueriesRepositoryTests.swift; sourceTree = "<group>"; };
		BFD1B8B22AA5F2C2000ED973 /* TopHeadlinesRepositoryTests.swift */ = {isa = PBXFileReference; lastKnownFileType = sourcecode.swift; path = TopHeadlinesRepositoryTests.swift; sourceTree = "<group>"; };
		BFD1B8B82AA5FCE7000ED973 /* TopHeadlinesDataControllerMock.swift */ = {isa = PBXFileReference; lastKnownFileType = sourcecode.swift; path = TopHeadlinesDataControllerMock.swift; sourceTree = "<group>"; };
		BFD1B8BA2AA60786000ED973 /* TopHeadlinesQueriesRepositoryMock.swift */ = {isa = PBXFileReference; lastKnownFileType = sourcecode.swift; path = TopHeadlinesQueriesRepositoryMock.swift; sourceTree = "<group>"; };
		BFD1B8BC2AA61A09000ED973 /* TopHeadlinesRepositoryMock.swift */ = {isa = PBXFileReference; lastKnownFileType = sourcecode.swift; path = TopHeadlinesRepositoryMock.swift; sourceTree = "<group>"; };
		BFD1B8C32AA634B9000ED973 /* DateExtensionsTests.swift */ = {isa = PBXFileReference; lastKnownFileType = sourcecode.swift; path = DateExtensionsTests.swift; sourceTree = "<group>"; };
		BFD1B8C62AA6350B000ED973 /* StringExtensionsTests.swift */ = {isa = PBXFileReference; lastKnownFileType = sourcecode.swift; path = StringExtensionsTests.swift; sourceTree = "<group>"; };
		BFD1B8C92AA637F8000ED973 /* DeleteTopHeadlinesUseCaseTests.swift */ = {isa = PBXFileReference; lastKnownFileType = sourcecode.swift; path = DeleteTopHeadlinesUseCaseTests.swift; sourceTree = "<group>"; };
		BFD1B8CB2AA63808000ED973 /* FetchRequestTopHeadlinesUseCaseTests.swift */ = {isa = PBXFileReference; lastKnownFileType = sourcecode.swift; path = FetchRequestTopHeadlinesUseCaseTests.swift; sourceTree = "<group>"; };
		BFD1B8CD2AA6382A000ED973 /* FetchTopHeadlinesUseCaseTests.swift */ = {isa = PBXFileReference; lastKnownFileType = sourcecode.swift; path = FetchTopHeadlinesUseCaseTests.swift; sourceTree = "<group>"; };
		BFD1B8CF2AA63838000ED973 /* ReadTopHeadlinesUseCaseTests.swift */ = {isa = PBXFileReference; lastKnownFileType = sourcecode.swift; path = ReadTopHeadlinesUseCaseTests.swift; sourceTree = "<group>"; };
		BFD1B8D12AA63849000ED973 /* SaveTopHeadlinesUseCaseTests.swift */ = {isa = PBXFileReference; lastKnownFileType = sourcecode.swift; path = SaveTopHeadlinesUseCaseTests.swift; sourceTree = "<group>"; };
		BFD1B8D32AA65B90000ED973 /* TopHeadlinesTests.swift */ = {isa = PBXFileReference; lastKnownFileType = sourcecode.swift; path = TopHeadlinesTests.swift; sourceTree = "<group>"; };
		BFD1B8D62AA65C0D000ED973 /* TopHeadlinesDTOMappingTests.swift */ = {isa = PBXFileReference; lastKnownFileType = sourcecode.swift; path = TopHeadlinesDTOMappingTests.swift; sourceTree = "<group>"; };
		BFD1B8D82AA65D72000ED973 /* SourceDTOMappingTests.swift */ = {isa = PBXFileReference; lastKnownFileType = sourcecode.swift; path = SourceDTOMappingTests.swift; sourceTree = "<group>"; };
		BFD1B8DA2AA65D94000ED973 /* ArticleDTOMappingTests.swift */ = {isa = PBXFileReference; lastKnownFileType = sourcecode.swift; path = ArticleDTOMappingTests.swift; sourceTree = "<group>"; };
		BFD1B8DC2AA66160000ED973 /* ArticleTests.swift */ = {isa = PBXFileReference; lastKnownFileType = sourcecode.swift; path = ArticleTests.swift; sourceTree = "<group>"; };
		BFD1B8E02AA66176000ED973 /* SourceTests.swift */ = {isa = PBXFileReference; lastKnownFileType = sourcecode.swift; path = SourceTests.swift; sourceTree = "<group>"; };
		BFD1B8E22AA662DB000ED973 /* ArticleEntityMappingTests.swift */ = {isa = PBXFileReference; lastKnownFileType = sourcecode.swift; path = ArticleEntityMappingTests.swift; sourceTree = "<group>"; };
		BFDA4B3E2AA743E600E9221F /* SourcesDTO+Mapping.swift */ = {isa = PBXFileReference; lastKnownFileType = sourcecode.swift; path = "SourcesDTO+Mapping.swift"; sourceTree = "<group>"; };
		BFDA4B402AA7467700E9221F /* Sources.swift */ = {isa = PBXFileReference; lastKnownFileType = sourcecode.swift; path = Sources.swift; sourceTree = "<group>"; };
		BFDA4B422AA74C4F00E9221F /* FetchTopHeadlinesSourcesUseCase.swift */ = {isa = PBXFileReference; lastKnownFileType = sourcecode.swift; path = FetchTopHeadlinesSourcesUseCase.swift; sourceTree = "<group>"; };
		BFDA4B442AA74CB600E9221F /* FetchTopHeadlinesSourcesUseCaseTests.swift */ = {isa = PBXFileReference; lastKnownFileType = sourcecode.swift; path = FetchTopHeadlinesSourcesUseCaseTests.swift; sourceTree = "<group>"; };
		BFDA4B462AA7629600E9221F /* SourcesDTOMappingTests.swift */ = {isa = PBXFileReference; lastKnownFileType = sourcecode.swift; path = SourcesDTOMappingTests.swift; sourceTree = "<group>"; };
		BFDA4B482AA7638E00E9221F /* SourcesTests.swift */ = {isa = PBXFileReference; lastKnownFileType = sourcecode.swift; path = SourcesTests.swift; sourceTree = "<group>"; };
		BFDA4B4A2AA76B7C00E9221F /* SourceEntity+Mapping.swift */ = {isa = PBXFileReference; lastKnownFileType = sourcecode.swift; path = "SourceEntity+Mapping.swift"; sourceTree = "<group>"; };
		BFDA4B512AA76C3900E9221F /* SourceEntityMappingTests.swift */ = {isa = PBXFileReference; lastKnownFileType = sourcecode.swift; path = SourceEntityMappingTests.swift; sourceTree = "<group>"; };
		BFDA4B5B2AA7803800E9221F /* FetchRequestTopHeadlinesSourcesUseCase.swift */ = {isa = PBXFileReference; lastKnownFileType = sourcecode.swift; path = FetchRequestTopHeadlinesSourcesUseCase.swift; sourceTree = "<group>"; };
		BFDA4B612AA780F000E9221F /* FetchRequestTopHeadlinesSourcesUseCaseTests.swift */ = {isa = PBXFileReference; lastKnownFileType = sourcecode.swift; path = FetchRequestTopHeadlinesSourcesUseCaseTests.swift; sourceTree = "<group>"; };
		BFDA4B632AA7811200E9221F /* ReadTopHeadlinesSourcesUseCase.swift */ = {isa = PBXFileReference; lastKnownFileType = sourcecode.swift; path = ReadTopHeadlinesSourcesUseCase.swift; sourceTree = "<group>"; };
		BFDA4B652AA7815F00E9221F /* SaveTopHeadlinesSourcesUseCase.swift */ = {isa = PBXFileReference; lastKnownFileType = sourcecode.swift; path = SaveTopHeadlinesSourcesUseCase.swift; sourceTree = "<group>"; };
		BFDA4B672AA7817600E9221F /* SaveTopHeadlinesSourcesUseCaseTests.swift */ = {isa = PBXFileReference; lastKnownFileType = sourcecode.swift; path = SaveTopHeadlinesSourcesUseCaseTests.swift; sourceTree = "<group>"; };
		BFDA4B692AA7818400E9221F /* ReadTopHeadlinesSourcesUseCaseTests.swift */ = {isa = PBXFileReference; lastKnownFileType = sourcecode.swift; path = ReadTopHeadlinesSourcesUseCaseTests.swift; sourceTree = "<group>"; };
		BFDA4B6C2AA7CB4200E9221F /* TopHeadlinesDataControllerTests.swift */ = {isa = PBXFileReference; lastKnownFileType = sourcecode.swift; path = TopHeadlinesDataControllerTests.swift; sourceTree = "<group>"; };
		BFDCAEE62AA25EDA004B0316 /* FetchTopHeadlinesUseCase.swift */ = {isa = PBXFileReference; lastKnownFileType = sourcecode.swift; path = FetchTopHeadlinesUseCase.swift; sourceTree = "<group>"; };
		BFDCAEE92AA26C8B004B0316 /* AppConfiguration.swift */ = {isa = PBXFileReference; lastKnownFileType = sourcecode.swift; path = AppConfiguration.swift; sourceTree = "<group>"; };
		BFDCAEEE2AA277EF004B0316 /* ArticleEntity+Mapping.swift */ = {isa = PBXFileReference; lastKnownFileType = sourcecode.swift; path = "ArticleEntity+Mapping.swift"; sourceTree = "<group>"; };
		BFDCAEF02AA27D92004B0316 /* Article.swift */ = {isa = PBXFileReference; lastKnownFileType = sourcecode.swift; path = Article.swift; sourceTree = "<group>"; };
		BFDCAEF22AA27DC8004B0316 /* Source.swift */ = {isa = PBXFileReference; lastKnownFileType = sourcecode.swift; path = Source.swift; sourceTree = "<group>"; };
		BFDCAEF42AA27DEC004B0316 /* TopHeadlines.swift */ = {isa = PBXFileReference; lastKnownFileType = sourcecode.swift; path = TopHeadlines.swift; sourceTree = "<group>"; };
		BFDD66962AA3B4BD00BB49CE /* Date+Extensions.swift */ = {isa = PBXFileReference; lastKnownFileType = sourcecode.swift; path = "Date+Extensions.swift"; sourceTree = "<group>"; };
/* End PBXFileReference section */

/* Begin PBXFrameworksBuildPhase section */
		BF72AA842AA0BFD300368DA5 /* Frameworks */ = {
			isa = PBXFrameworksBuildPhase;
			buildActionMask = 2147483647;
			files = (
			);
			runOnlyForDeploymentPostprocessing = 0;
		};
		BF72AA9B2AA0BFD400368DA5 /* Frameworks */ = {
			isa = PBXFrameworksBuildPhase;
			buildActionMask = 2147483647;
			files = (
			);
			runOnlyForDeploymentPostprocessing = 0;
		};
		BF72AAA52AA0BFD400368DA5 /* Frameworks */ = {
			isa = PBXFrameworksBuildPhase;
			buildActionMask = 2147483647;
			files = (
			);
			runOnlyForDeploymentPostprocessing = 0;
		};
/* End PBXFrameworksBuildPhase section */

/* Begin PBXGroup section */
		BF72AA7E2AA0BFD300368DA5 = {
			isa = PBXGroup;
			children = (
				BF72AA892AA0BFD300368DA5 /* BobbysNews */,
				BF72AAA12AA0BFD400368DA5 /* BobbysNewsTests */,
				BF72AAAB2AA0BFD400368DA5 /* BobbysNewsUITests */,
				BF72AA882AA0BFD300368DA5 /* Products */,
			);
			sourceTree = "<group>";
		};
		BF72AA882AA0BFD300368DA5 /* Products */ = {
			isa = PBXGroup;
			children = (
				BF72AA872AA0BFD300368DA5 /* BobbysNews.app */,
				BF72AA9E2AA0BFD400368DA5 /* BobbysNewsTests.xctest */,
				BF72AAA82AA0BFD400368DA5 /* BobbysNewsUITests.xctest */,
			);
			name = Products;
			sourceTree = "<group>";
		};
		BF72AA892AA0BFD300368DA5 /* BobbysNews */ = {
			isa = PBXGroup;
			children = (
				BFDCAEF62AA282C4004B0316 /* App */,
				BFBDD9182AA0C4E700A4D6DF /* Data */,
				BFDCAEE42AA25DD3004B0316 /* Domain */,
				BFBDD9152AA0C38200A4D6DF /* Presentation */,
				BFBDD9162AA0C47200A4D6DF /* Resource */,
			);
			path = BobbysNews;
			sourceTree = "<group>";
		};
		BF72AAA12AA0BFD400368DA5 /* BobbysNewsTests */ = {
			isa = PBXGroup;
			children = (
				BFD1B8A92AA5E682000ED973 /* App */,
				BFD1B8A72AA5E671000ED973 /* Data */,
				BFD1B8A82AA5E677000ED973 /* Domain */,
				BFDD66852AA386C500BB49CE /* Presentation */,
			);
			path = BobbysNewsTests;
			sourceTree = "<group>";
		};
		BF72AAAB2AA0BFD400368DA5 /* BobbysNewsUITests */ = {
			isa = PBXGroup;
			children = (
				BFDD66812AA3867D00BB49CE /* App */,
				BFDD66822AA3868700BB49CE /* Presentation */,
			);
			path = BobbysNewsUITests;
			sourceTree = "<group>";
		};
		BF7DFCB02AA129B000FCB11C /* DataStorage */ = {
			isa = PBXGroup;
			children = (
				BF72AA8E2AA0BFD300368DA5 /* BobbysNews.xcdatamodeld */,
				BFDA4B4E2AA76BC700E9221F /* Controller */,
				BFDA4B4C2AA76B9600E9221F /* Entity */,
			);
			path = DataStorage;
			sourceTree = "<group>";
		};
		BFBDD9152AA0C38200A4D6DF /* Presentation */ = {
			isa = PBXGroup;
			children = (
				BF72AA912AA0BFD300368DA5 /* ContentView.swift */,
				BF188EB42AA0E17400955836 /* ContentViewModel.swift */,
				BF188EB92AA0E38B00955836 /* DetailView.swift */,
				BF188EBB2AA0E39600955836 /* DetailViewModel.swift */,
			);
			path = Presentation;
			sourceTree = "<group>";
		};
		BFBDD9162AA0C47200A4D6DF /* Resource */ = {
			isa = PBXGroup;
			children = (
				BF72AA932AA0BFD400368DA5 /* Assets.xcassets */,
				BF72AA952AA0BFD400368DA5 /* BobbysNews.entitlements */,
				BF72AA992AA0BFD400368DA5 /* Info.plist */,
				BF188EB72AA0E33D00955836 /* Localizable.xcstrings */,
				BFBDD9192AA0C75700A4D6DF /* Tests.xctestplan */,
			);
			path = Resource;
			sourceTree = "<group>";
		};
		BFBDD9182AA0C4E700A4D6DF /* Data */ = {
			isa = PBXGroup;
			children = (
				BF7DFCB02AA129B000FCB11C /* DataStorage */,
				BFDCAEEC2AA2703A004B0316 /* Network */,
				BFDCAEEB2AA27028004B0316 /* Repository */,
			);
			path = Data;
			sourceTree = "<group>";
		};
		BFD1B8A72AA5E671000ED973 /* Data */ = {
			isa = PBXGroup;
			children = (
				BFD1B8E42AA662E2000ED973 /* DataStorage */,
				BFD1B8B72AA5FCBA000ED973 /* Mock */,
				BFD1B8D52AA65BE4000ED973 /* Network */,
				BFD1B8AF2AA5F1F4000ED973 /* Repository */,
			);
			path = Data;
			sourceTree = "<group>";
		};
		BFD1B8A82AA5E677000ED973 /* Domain */ = {
			isa = PBXGroup;
			children = (
				BFD1B8C12AA6349D000ED973 /* Entity */,
				BFD1B8C82AA637B9000ED973 /* UseCase */,
			);
			path = Domain;
			sourceTree = "<group>";
		};
		BFD1B8A92AA5E682000ED973 /* App */ = {
			isa = PBXGroup;
			children = (
				BFD1B8AD2AA5E70F000ED973 /* ViewModelDITests.swift */,
			);
			path = App;
			sourceTree = "<group>";
		};
		BFD1B8AF2AA5F1F4000ED973 /* Repository */ = {
			isa = PBXGroup;
			children = (
				BFD1B8B02AA5F2B0000ED973 /* TopHeadlinesQueriesRepositoryTests.swift */,
				BFD1B8B22AA5F2C2000ED973 /* TopHeadlinesRepositoryTests.swift */,
			);
			path = Repository;
			sourceTree = "<group>";
		};
		BFD1B8B72AA5FCBA000ED973 /* Mock */ = {
			isa = PBXGroup;
			children = (
				BFD1B8B82AA5FCE7000ED973 /* TopHeadlinesDataControllerMock.swift */,
				BFD1B8BA2AA60786000ED973 /* TopHeadlinesQueriesRepositoryMock.swift */,
				BFD1B8BC2AA61A09000ED973 /* TopHeadlinesRepositoryMock.swift */,
			);
			path = Mock;
			sourceTree = "<group>";
		};
		BFD1B8C12AA6349D000ED973 /* Entity */ = {
			isa = PBXGroup;
			children = (
				BFD1B8DC2AA66160000ED973 /* ArticleTests.swift */,
				BFD1B8E02AA66176000ED973 /* SourceTests.swift */,
				BFD1B8C22AA634A6000ED973 /* Extension */,
				BFDA4B482AA7638E00E9221F /* SourcesTests.swift */,
				BFD1B8D32AA65B90000ED973 /* TopHeadlinesTests.swift */,
			);
			path = Entity;
			sourceTree = "<group>";
		};
		BFD1B8C22AA634A6000ED973 /* Extension */ = {
			isa = PBXGroup;
			children = (
				BFD1B8C32AA634B9000ED973 /* DateExtensionsTests.swift */,
				BFD1B8C62AA6350B000ED973 /* StringExtensionsTests.swift */,
			);
			path = Extension;
			sourceTree = "<group>";
		};
		BFD1B8C82AA637B9000ED973 /* UseCase */ = {
			isa = PBXGroup;
			children = (
				BFDA4B5F2AA7809C00E9221F /* TopHeadlines */,
				BFDA4B602AA780AA00E9221F /* TopHeadlinesSources */,
			);
			path = UseCase;
			sourceTree = "<group>";
		};
		BFD1B8D52AA65BE4000ED973 /* Network */ = {
			isa = PBXGroup;
			children = (
				BFD1B8DA2AA65D94000ED973 /* ArticleDTOMappingTests.swift */,
				BFD1B8D82AA65D72000ED973 /* SourceDTOMappingTests.swift */,
				BFDA4B462AA7629600E9221F /* SourcesDTOMappingTests.swift */,
				BFD1B8D62AA65C0D000ED973 /* TopHeadlinesDTOMappingTests.swift */,
			);
			path = Network;
			sourceTree = "<group>";
		};
		BFD1B8E42AA662E2000ED973 /* DataStorage */ = {
			isa = PBXGroup;
			children = (
				BFDA4B502AA76C2300E9221F /* Entity */,
				BFDA4B6B2AA7CB0E00E9221F /* Controller */,
			);
			path = DataStorage;
			sourceTree = "<group>";
		};
		BFDA4B4C2AA76B9600E9221F /* Entity */ = {
			isa = PBXGroup;
			children = (
				BFDCAEEE2AA277EF004B0316 /* ArticleEntity+Mapping.swift */,
				BFDA4B4A2AA76B7C00E9221F /* SourceEntity+Mapping.swift */,
			);
			path = Entity;
			sourceTree = "<group>";
		};
		BFDA4B4E2AA76BC700E9221F /* Controller */ = {
			isa = PBXGroup;
			children = (
				BF72AA8C2AA0BFD300368DA5 /* DataController.swift */,
				BF2D34812AA4DC630010ED42 /* TopHeadlinesDataController.swift */,
			);
			path = Controller;
			sourceTree = "<group>";
		};
		BFDA4B502AA76C2300E9221F /* Entity */ = {
			isa = PBXGroup;
			children = (
				BFD1B8E22AA662DB000ED973 /* ArticleEntityMappingTests.swift */,
				BFDA4B512AA76C3900E9221F /* SourceEntityMappingTests.swift */,
			);
			path = Entity;
			sourceTree = "<group>";
		};
		BFDA4B5D2AA7804200E9221F /* TopHeadlines */ = {
			isa = PBXGroup;
			children = (
				BF50E3B72AA53C1200283142 /* DeleteTopHeadlinesUseCase.swift */,
				BF2D34852AA4F9900010ED42 /* FetchRequestTopHeadlinesUseCase.swift */,
				BFDCAEE62AA25EDA004B0316 /* FetchTopHeadlinesUseCase.swift */,
				BF2D34832AA4F4A30010ED42 /* ReadTopHeadlinesUseCase.swift */,
				BF2D34892AA50F290010ED42 /* SaveTopHeadlinesUseCase.swift */,
			);
			path = TopHeadlines;
			sourceTree = "<group>";
		};
		BFDA4B5E2AA7804A00E9221F /* TopHeadlinesSources */ = {
			isa = PBXGroup;
			children = (
				BFDA4B5B2AA7803800E9221F /* FetchRequestTopHeadlinesSourcesUseCase.swift */,
				BFDA4B422AA74C4F00E9221F /* FetchTopHeadlinesSourcesUseCase.swift */,
				BFDA4B632AA7811200E9221F /* ReadTopHeadlinesSourcesUseCase.swift */,
				BFDA4B652AA7815F00E9221F /* SaveTopHeadlinesSourcesUseCase.swift */,
			);
			path = TopHeadlinesSources;
			sourceTree = "<group>";
		};
		BFDA4B5F2AA7809C00E9221F /* TopHeadlines */ = {
			isa = PBXGroup;
			children = (
				BFD1B8C92AA637F8000ED973 /* DeleteTopHeadlinesUseCaseTests.swift */,
				BFD1B8CB2AA63808000ED973 /* FetchRequestTopHeadlinesUseCaseTests.swift */,
				BFD1B8CD2AA6382A000ED973 /* FetchTopHeadlinesUseCaseTests.swift */,
				BFD1B8CF2AA63838000ED973 /* ReadTopHeadlinesUseCaseTests.swift */,
				BFD1B8D12AA63849000ED973 /* SaveTopHeadlinesUseCaseTests.swift */,
			);
			path = TopHeadlines;
			sourceTree = "<group>";
		};
		BFDA4B602AA780AA00E9221F /* TopHeadlinesSources */ = {
			isa = PBXGroup;
			children = (
				BFDA4B612AA780F000E9221F /* FetchRequestTopHeadlinesSourcesUseCaseTests.swift */,
				BFDA4B442AA74CB600E9221F /* FetchTopHeadlinesSourcesUseCaseTests.swift */,
				BFDA4B692AA7818400E9221F /* ReadTopHeadlinesSourcesUseCaseTests.swift */,
				BFDA4B672AA7817600E9221F /* SaveTopHeadlinesSourcesUseCaseTests.swift */,
			);
			path = TopHeadlinesSources;
			sourceTree = "<group>";
		};
		BFDA4B6B2AA7CB0E00E9221F /* Controller */ = {
			isa = PBXGroup;
			children = (
				BFDA4B6C2AA7CB4200E9221F /* TopHeadlinesDataControllerTests.swift */,
			);
			path = Controller;
			sourceTree = "<group>";
		};
		BFDCAEE22AA25A73004B0316 /* UseCase */ = {
			isa = PBXGroup;
			children = (
				BFDA4B5D2AA7804200E9221F /* TopHeadlines */,
				BFDA4B5E2AA7804A00E9221F /* TopHeadlinesSources */,
			);
			path = UseCase;
			sourceTree = "<group>";
		};
		BFDCAEE42AA25DD3004B0316 /* Domain */ = {
			isa = PBXGroup;
			children = (
				BFDCAEED2AA27318004B0316 /* Entity */,
				BFDCAEE22AA25A73004B0316 /* UseCase */,
			);
			path = Domain;
			sourceTree = "<group>";
		};
		BFDCAEEB2AA27028004B0316 /* Repository */ = {
			isa = PBXGroup;
			children = (
				BF2D347F2AA4D4A00010ED42 /* TopHeadlinesQueriesRepository.swift */,
				BF188EC62AA1098400955836 /* TopHeadlinesRepository.swift */,
			);
			path = Repository;
			sourceTree = "<group>";
		};
		BFDCAEEC2AA2703A004B0316 /* Network */ = {
			isa = PBXGroup;
			children = (
				BF188EC22AA107A000955836 /* ArticleDTO+Mapping.swift */,
				BF188EC42AA107B000955836 /* SourceDTO+Mapping.swift */,
				BFDA4B3E2AA743E600E9221F /* SourcesDTO+Mapping.swift */,
				BF188EC02AA1075400955836 /* TopHeadlinesDTO+Mapping.swift */,
			);
			path = Network;
			sourceTree = "<group>";
		};
		BFDCAEED2AA27318004B0316 /* Entity */ = {
			isa = PBXGroup;
			children = (
				BFDCAEF02AA27D92004B0316 /* Article.swift */,
				BFDD669A2AA3B55B00BB49CE /* Extension */,
				BFDCAEF22AA27DC8004B0316 /* Source.swift */,
				BFDA4B402AA7467700E9221F /* Sources.swift */,
				BFDCAEF42AA27DEC004B0316 /* TopHeadlines.swift */,
			);
			path = Entity;
			sourceTree = "<group>";
		};
		BFDCAEF62AA282C4004B0316 /* App */ = {
			isa = PBXGroup;
			children = (
				BFDCAEE92AA26C8B004B0316 /* AppConfiguration.swift */,
				BF72AA8A2AA0BFD300368DA5 /* BobbysNewsApp.swift */,
				BF2D34872AA4FBAB0010ED42 /* ViewModelDI.swift */,
			);
			path = App;
			sourceTree = "<group>";
		};
		BFDD66812AA3867D00BB49CE /* App */ = {
			isa = PBXGroup;
			children = (
				BF72AAAC2AA0BFD400368DA5 /* BobbysNewsUITests.swift */,
				BF72AAAE2AA0BFD400368DA5 /* BobbysNewsUITestsLaunchTests.swift */,
			);
			path = App;
			sourceTree = "<group>";
		};
		BFDD66822AA3868700BB49CE /* Presentation */ = {
			isa = PBXGroup;
			children = (
				BF7DFCB52AA1338100FCB11C /* ContentViewTests.swift */,
				BF7DFCB72AA133B400FCB11C /* DetailViewTests.swift */,
			);
			path = Presentation;
			sourceTree = "<group>";
		};
		BFDD66852AA386C500BB49CE /* Presentation */ = {
			isa = PBXGroup;
			children = (
				BF72AAA22AA0BFD400368DA5 /* ContentViewModelTests.swift */,
				BF188EBD2AA0E3AD00955836 /* DetailViewModelTests.swift */,
			);
			path = Presentation;
			sourceTree = "<group>";
		};
		BFDD669A2AA3B55B00BB49CE /* Extension */ = {
			isa = PBXGroup;
			children = (
				BFDD66962AA3B4BD00BB49CE /* Date+Extensions.swift */,
				BF2D347D2AA4CD950010ED42 /* String+Extensions.swift */,
			);
			path = Extension;
			sourceTree = "<group>";
		};
/* End PBXGroup section */

/* Begin PBXNativeTarget section */
		BF72AA862AA0BFD300368DA5 /* BobbysNews */ = {
			isa = PBXNativeTarget;
			buildConfigurationList = BF72AAB22AA0BFD400368DA5 /* Build configuration list for PBXNativeTarget "BobbysNews" */;
			buildPhases = (
				BF72AA832AA0BFD300368DA5 /* Sources */,
				BF72AA842AA0BFD300368DA5 /* Frameworks */,
				BF72AA852AA0BFD300368DA5 /* Resources */,
			);
			buildRules = (
			);
			dependencies = (
			);
			name = BobbysNews;
			productName = BobbysNews;
			productReference = BF72AA872AA0BFD300368DA5 /* BobbysNews.app */;
			productType = "com.apple.product-type.application";
		};
		BF72AA9D2AA0BFD400368DA5 /* BobbysNewsTests */ = {
			isa = PBXNativeTarget;
			buildConfigurationList = BF72AAB52AA0BFD400368DA5 /* Build configuration list for PBXNativeTarget "BobbysNewsTests" */;
			buildPhases = (
				BF72AA9A2AA0BFD400368DA5 /* Sources */,
				BF72AA9B2AA0BFD400368DA5 /* Frameworks */,
				BF72AA9C2AA0BFD400368DA5 /* Resources */,
			);
			buildRules = (
			);
			dependencies = (
				BF72AAA02AA0BFD400368DA5 /* PBXTargetDependency */,
			);
			name = BobbysNewsTests;
			productName = BobbysNewsTests;
			productReference = BF72AA9E2AA0BFD400368DA5 /* BobbysNewsTests.xctest */;
			productType = "com.apple.product-type.bundle.unit-test";
		};
		BF72AAA72AA0BFD400368DA5 /* BobbysNewsUITests */ = {
			isa = PBXNativeTarget;
			buildConfigurationList = BF72AAB82AA0BFD400368DA5 /* Build configuration list for PBXNativeTarget "BobbysNewsUITests" */;
			buildPhases = (
				BF72AAA42AA0BFD400368DA5 /* Sources */,
				BF72AAA52AA0BFD400368DA5 /* Frameworks */,
				BF72AAA62AA0BFD400368DA5 /* Resources */,
			);
			buildRules = (
			);
			dependencies = (
				BF72AAAA2AA0BFD400368DA5 /* PBXTargetDependency */,
			);
			name = BobbysNewsUITests;
			productName = BobbysNewsUITests;
			productReference = BF72AAA82AA0BFD400368DA5 /* BobbysNewsUITests.xctest */;
			productType = "com.apple.product-type.bundle.ui-testing";
		};
/* End PBXNativeTarget section */

/* Begin PBXProject section */
		BF72AA7F2AA0BFD300368DA5 /* Project object */ = {
			isa = PBXProject;
			attributes = {
				BuildIndependentTargetsInParallel = 1;
				LastSwiftUpdateCheck = 1500;
				LastUpgradeCheck = 1500;
				TargetAttributes = {
					BF72AA862AA0BFD300368DA5 = {
						CreatedOnToolsVersion = 15.0;
					};
					BF72AA9D2AA0BFD400368DA5 = {
						CreatedOnToolsVersion = 15.0;
						TestTargetID = BF72AA862AA0BFD300368DA5;
					};
					BF72AAA72AA0BFD400368DA5 = {
						CreatedOnToolsVersion = 15.0;
						TestTargetID = BF72AA862AA0BFD300368DA5;
					};
				};
			};
			buildConfigurationList = BF72AA822AA0BFD300368DA5 /* Build configuration list for PBXProject "BobbysNews" */;
			compatibilityVersion = "Xcode 14.0";
			developmentRegion = en;
			hasScannedForEncodings = 0;
			knownRegions = (
				en,
				Base,
				de,
			);
			mainGroup = BF72AA7E2AA0BFD300368DA5;
			productRefGroup = BF72AA882AA0BFD300368DA5 /* Products */;
			projectDirPath = "";
			projectRoot = "";
			targets = (
				BF72AA862AA0BFD300368DA5 /* BobbysNews */,
				BF72AA9D2AA0BFD400368DA5 /* BobbysNewsTests */,
				BF72AAA72AA0BFD400368DA5 /* BobbysNewsUITests */,
			);
		};
/* End PBXProject section */

/* Begin PBXResourcesBuildPhase section */
		BF72AA852AA0BFD300368DA5 /* Resources */ = {
			isa = PBXResourcesBuildPhase;
			buildActionMask = 2147483647;
			files = (
				BF72AA942AA0BFD400368DA5 /* Assets.xcassets in Resources */,
				BF188EB82AA0E33D00955836 /* Localizable.xcstrings in Resources */,
			);
			runOnlyForDeploymentPostprocessing = 0;
		};
		BF72AA9C2AA0BFD400368DA5 /* Resources */ = {
			isa = PBXResourcesBuildPhase;
			buildActionMask = 2147483647;
			files = (
			);
			runOnlyForDeploymentPostprocessing = 0;
		};
		BF72AAA62AA0BFD400368DA5 /* Resources */ = {
			isa = PBXResourcesBuildPhase;
			buildActionMask = 2147483647;
			files = (
			);
			runOnlyForDeploymentPostprocessing = 0;
		};
/* End PBXResourcesBuildPhase section */

/* Begin PBXSourcesBuildPhase section */
		BF72AA832AA0BFD300368DA5 /* Sources */ = {
			isa = PBXSourcesBuildPhase;
			buildActionMask = 2147483647;
			files = (
				BF72AA902AA0BFD300368DA5 /* BobbysNews.xcdatamodeld in Sources */,
				BF188EC32AA107A000955836 /* ArticleDTO+Mapping.swift in Sources */,
				BFDCAEF52AA27DEC004B0316 /* TopHeadlines.swift in Sources */,
				BF188EBA2AA0E38B00955836 /* DetailView.swift in Sources */,
				BF188EBC2AA0E39600955836 /* DetailViewModel.swift in Sources */,
				BF188EC52AA107B000955836 /* SourceDTO+Mapping.swift in Sources */,
				BFDA4B5C2AA7803800E9221F /* FetchRequestTopHeadlinesSourcesUseCase.swift in Sources */,
				BFDCAEEA2AA26C8B004B0316 /* AppConfiguration.swift in Sources */,
				BFDA4B4B2AA76B7C00E9221F /* SourceEntity+Mapping.swift in Sources */,
				BFDCAEE72AA25EDA004B0316 /* FetchTopHeadlinesUseCase.swift in Sources */,
				BFDA4B3F2AA743E600E9221F /* SourcesDTO+Mapping.swift in Sources */,
				BFDD66972AA3B4BD00BB49CE /* Date+Extensions.swift in Sources */,
				BF188EC72AA1098400955836 /* TopHeadlinesRepository.swift in Sources */,
				BF2D34802AA4D4A00010ED42 /* TopHeadlinesQueriesRepository.swift in Sources */,
				BF2D34882AA4FBAB0010ED42 /* ViewModelDI.swift in Sources */,
				BF188EC12AA1075400955836 /* TopHeadlinesDTO+Mapping.swift in Sources */,
				BFDA4B432AA74C4F00E9221F /* FetchTopHeadlinesSourcesUseCase.swift in Sources */,
				BF72AA8B2AA0BFD300368DA5 /* BobbysNewsApp.swift in Sources */,
				BF2D34862AA4F9900010ED42 /* FetchRequestTopHeadlinesUseCase.swift in Sources */,
				BFDA4B642AA7811200E9221F /* ReadTopHeadlinesSourcesUseCase.swift in Sources */,
				BF2D348A2AA50F290010ED42 /* SaveTopHeadlinesUseCase.swift in Sources */,
				BF72AA922AA0BFD300368DA5 /* ContentView.swift in Sources */,
				BFDA4B662AA7815F00E9221F /* SaveTopHeadlinesSourcesUseCase.swift in Sources */,
				BF72AA8D2AA0BFD300368DA5 /* DataController.swift in Sources */,
				BFDCAEF32AA27DC8004B0316 /* Source.swift in Sources */,
				BF2D34842AA4F4A30010ED42 /* ReadTopHeadlinesUseCase.swift in Sources */,
				BF2D347E2AA4CD950010ED42 /* String+Extensions.swift in Sources */,
				BFDA4B412AA7467700E9221F /* Sources.swift in Sources */,
				BFDCAEF12AA27D92004B0316 /* Article.swift in Sources */,
				BFDCAEEF2AA277EF004B0316 /* ArticleEntity+Mapping.swift in Sources */,
				BF2D34822AA4DC630010ED42 /* TopHeadlinesDataController.swift in Sources */,
				BF188EB52AA0E17400955836 /* ContentViewModel.swift in Sources */,
				BF50E3B82AA53C1200283142 /* DeleteTopHeadlinesUseCase.swift in Sources */,
			);
			runOnlyForDeploymentPostprocessing = 0;
		};
		BF72AA9A2AA0BFD400368DA5 /* Sources */ = {
			isa = PBXSourcesBuildPhase;
			buildActionMask = 2147483647;
			files = (
				BFD1B8E12AA66176000ED973 /* SourceTests.swift in Sources */,
				BFD1B8CC2AA63808000ED973 /* FetchRequestTopHeadlinesUseCaseTests.swift in Sources */,
				BFD1B8CE2AA6382A000ED973 /* FetchTopHeadlinesUseCaseTests.swift in Sources */,
				BFDA4B622AA780F000E9221F /* FetchRequestTopHeadlinesSourcesUseCaseTests.swift in Sources */,
				BFD1B8B12AA5F2B0000ED973 /* TopHeadlinesQueriesRepositoryTests.swift in Sources */,
				BFD1B8D92AA65D72000ED973 /* SourceDTOMappingTests.swift in Sources */,
				BFD1B8D02AA63838000ED973 /* ReadTopHeadlinesUseCaseTests.swift in Sources */,
				BFD1B8CA2AA637F8000ED973 /* DeleteTopHeadlinesUseCaseTests.swift in Sources */,
				BFDA4B452AA74CB600E9221F /* FetchTopHeadlinesSourcesUseCaseTests.swift in Sources */,
				BFD1B8D42AA65B90000ED973 /* TopHeadlinesTests.swift in Sources */,
				BFD1B8B32AA5F2C2000ED973 /* TopHeadlinesRepositoryTests.swift in Sources */,
				BFD1B8C42AA634B9000ED973 /* DateExtensionsTests.swift in Sources */,
				BFD1B8BD2AA61A09000ED973 /* TopHeadlinesRepositoryMock.swift in Sources */,
				BF72AAA32AA0BFD400368DA5 /* ContentViewModelTests.swift in Sources */,
				BFDA4B682AA7817600E9221F /* SaveTopHeadlinesSourcesUseCaseTests.swift in Sources */,
				BFD1B8BB2AA60786000ED973 /* TopHeadlinesQueriesRepositoryMock.swift in Sources */,
				BF188EBE2AA0E3AD00955836 /* DetailViewModelTests.swift in Sources */,
				BFD1B8DB2AA65D94000ED973 /* ArticleDTOMappingTests.swift in Sources */,
				BFDA4B472AA7629600E9221F /* SourcesDTOMappingTests.swift in Sources */,
				BFD1B8D22AA63849000ED973 /* SaveTopHeadlinesUseCaseTests.swift in Sources */,
				BFDA4B6A2AA7818400E9221F /* ReadTopHeadlinesSourcesUseCaseTests.swift in Sources */,
				BFDA4B492AA7638E00E9221F /* SourcesTests.swift in Sources */,
				BFD1B8B92AA5FCE7000ED973 /* TopHeadlinesDataControllerMock.swift in Sources */,
				BFD1B8E32AA662DB000ED973 /* ArticleEntityMappingTests.swift in Sources */,
				BFD1B8DD2AA66160000ED973 /* ArticleTests.swift in Sources */,
				BFDA4B6D2AA7CB4200E9221F /* TopHeadlinesDataControllerTests.swift in Sources */,
				BFD1B8D72AA65C0D000ED973 /* TopHeadlinesDTOMappingTests.swift in Sources */,
				BFDA4B522AA76C3900E9221F /* SourceEntityMappingTests.swift in Sources */,
				BFD1B8C72AA6350B000ED973 /* StringExtensionsTests.swift in Sources */,
				BFD1B8AE2AA5E70F000ED973 /* ViewModelDITests.swift in Sources */,
			);
			runOnlyForDeploymentPostprocessing = 0;
		};
		BF72AAA42AA0BFD400368DA5 /* Sources */ = {
			isa = PBXSourcesBuildPhase;
			buildActionMask = 2147483647;
			files = (
				BF7DFCB62AA1338100FCB11C /* ContentViewTests.swift in Sources */,
				BF7DFCB82AA133B400FCB11C /* DetailViewTests.swift in Sources */,
				BF72AAAF2AA0BFD400368DA5 /* BobbysNewsUITestsLaunchTests.swift in Sources */,
				BF72AAAD2AA0BFD400368DA5 /* BobbysNewsUITests.swift in Sources */,
			);
			runOnlyForDeploymentPostprocessing = 0;
		};
/* End PBXSourcesBuildPhase section */

/* Begin PBXTargetDependency section */
		BF72AAA02AA0BFD400368DA5 /* PBXTargetDependency */ = {
			isa = PBXTargetDependency;
			target = BF72AA862AA0BFD300368DA5 /* BobbysNews */;
			targetProxy = BF72AA9F2AA0BFD400368DA5 /* PBXContainerItemProxy */;
		};
		BF72AAAA2AA0BFD400368DA5 /* PBXTargetDependency */ = {
			isa = PBXTargetDependency;
			target = BF72AA862AA0BFD300368DA5 /* BobbysNews */;
			targetProxy = BF72AAA92AA0BFD400368DA5 /* PBXContainerItemProxy */;
		};
/* End PBXTargetDependency section */

/* Begin XCBuildConfiguration section */
		BF72AAB02AA0BFD400368DA5 /* Debug */ = {
			isa = XCBuildConfiguration;
			buildSettings = {
				ALWAYS_SEARCH_USER_PATHS = NO;
				ASSETCATALOG_COMPILER_GENERATE_SWIFT_ASSET_SYMBOL_EXTENSIONS = YES;
				CLANG_ANALYZER_NONNULL = YES;
				CLANG_ANALYZER_NUMBER_OBJECT_CONVERSION = YES_AGGRESSIVE;
				CLANG_CXX_LANGUAGE_STANDARD = "gnu++20";
				CLANG_ENABLE_MODULES = YES;
				CLANG_ENABLE_OBJC_ARC = YES;
				CLANG_ENABLE_OBJC_WEAK = YES;
				CLANG_WARN_BLOCK_CAPTURE_AUTORELEASING = YES;
				CLANG_WARN_BOOL_CONVERSION = YES;
				CLANG_WARN_COMMA = YES;
				CLANG_WARN_CONSTANT_CONVERSION = YES;
				CLANG_WARN_DEPRECATED_OBJC_IMPLEMENTATIONS = YES;
				CLANG_WARN_DIRECT_OBJC_ISA_USAGE = YES_ERROR;
				CLANG_WARN_DOCUMENTATION_COMMENTS = YES;
				CLANG_WARN_EMPTY_BODY = YES;
				CLANG_WARN_ENUM_CONVERSION = YES;
				CLANG_WARN_INFINITE_RECURSION = YES;
				CLANG_WARN_INT_CONVERSION = YES;
				CLANG_WARN_NON_LITERAL_NULL_CONVERSION = YES;
				CLANG_WARN_OBJC_IMPLICIT_RETAIN_SELF = YES;
				CLANG_WARN_OBJC_LITERAL_CONVERSION = YES;
				CLANG_WARN_OBJC_ROOT_CLASS = YES_ERROR;
				CLANG_WARN_QUOTED_INCLUDE_IN_FRAMEWORK_HEADER = YES;
				CLANG_WARN_RANGE_LOOP_ANALYSIS = YES;
				CLANG_WARN_STRICT_PROTOTYPES = YES;
				CLANG_WARN_SUSPICIOUS_MOVE = YES;
				CLANG_WARN_UNGUARDED_AVAILABILITY = YES_AGGRESSIVE;
				CLANG_WARN_UNREACHABLE_CODE = YES;
				CLANG_WARN__DUPLICATE_METHOD_MATCH = YES;
				COPY_PHASE_STRIP = NO;
				DEBUG_INFORMATION_FORMAT = dwarf;
				ENABLE_STRICT_OBJC_MSGSEND = YES;
				ENABLE_TESTABILITY = YES;
				ENABLE_USER_SCRIPT_SANDBOXING = YES;
				GCC_C_LANGUAGE_STANDARD = gnu17;
				GCC_DYNAMIC_NO_PIC = NO;
				GCC_NO_COMMON_BLOCKS = YES;
				GCC_OPTIMIZATION_LEVEL = 0;
				GCC_PREPROCESSOR_DEFINITIONS = (
					"DEBUG=1",
					"$(inherited)",
				);
				GCC_WARN_64_TO_32_BIT_CONVERSION = YES;
				GCC_WARN_ABOUT_RETURN_TYPE = YES_ERROR;
				GCC_WARN_UNDECLARED_SELECTOR = YES;
				GCC_WARN_UNINITIALIZED_AUTOS = YES_AGGRESSIVE;
				GCC_WARN_UNUSED_FUNCTION = YES;
				GCC_WARN_UNUSED_VARIABLE = YES;
				INFOPLIST_KEY_LSApplicationCategoryType = "public.app-category.news";
				LOCALIZATION_PREFERS_STRING_CATALOGS = YES;
				MTL_ENABLE_DEBUG_INFO = INCLUDE_SOURCE;
				MTL_FAST_MATH = YES;
				ONLY_ACTIVE_ARCH = YES;
				SWIFT_ACTIVE_COMPILATION_CONDITIONS = "DEBUG $(inherited)";
				SWIFT_OPTIMIZATION_LEVEL = "-Onone";
			};
			name = Debug;
		};
		BF72AAB12AA0BFD400368DA5 /* Release */ = {
			isa = XCBuildConfiguration;
			buildSettings = {
				ALWAYS_SEARCH_USER_PATHS = NO;
				ASSETCATALOG_COMPILER_GENERATE_SWIFT_ASSET_SYMBOL_EXTENSIONS = YES;
				CLANG_ANALYZER_NONNULL = YES;
				CLANG_ANALYZER_NUMBER_OBJECT_CONVERSION = YES_AGGRESSIVE;
				CLANG_CXX_LANGUAGE_STANDARD = "gnu++20";
				CLANG_ENABLE_MODULES = YES;
				CLANG_ENABLE_OBJC_ARC = YES;
				CLANG_ENABLE_OBJC_WEAK = YES;
				CLANG_WARN_BLOCK_CAPTURE_AUTORELEASING = YES;
				CLANG_WARN_BOOL_CONVERSION = YES;
				CLANG_WARN_COMMA = YES;
				CLANG_WARN_CONSTANT_CONVERSION = YES;
				CLANG_WARN_DEPRECATED_OBJC_IMPLEMENTATIONS = YES;
				CLANG_WARN_DIRECT_OBJC_ISA_USAGE = YES_ERROR;
				CLANG_WARN_DOCUMENTATION_COMMENTS = YES;
				CLANG_WARN_EMPTY_BODY = YES;
				CLANG_WARN_ENUM_CONVERSION = YES;
				CLANG_WARN_INFINITE_RECURSION = YES;
				CLANG_WARN_INT_CONVERSION = YES;
				CLANG_WARN_NON_LITERAL_NULL_CONVERSION = YES;
				CLANG_WARN_OBJC_IMPLICIT_RETAIN_SELF = YES;
				CLANG_WARN_OBJC_LITERAL_CONVERSION = YES;
				CLANG_WARN_OBJC_ROOT_CLASS = YES_ERROR;
				CLANG_WARN_QUOTED_INCLUDE_IN_FRAMEWORK_HEADER = YES;
				CLANG_WARN_RANGE_LOOP_ANALYSIS = YES;
				CLANG_WARN_STRICT_PROTOTYPES = YES;
				CLANG_WARN_SUSPICIOUS_MOVE = YES;
				CLANG_WARN_UNGUARDED_AVAILABILITY = YES_AGGRESSIVE;
				CLANG_WARN_UNREACHABLE_CODE = YES;
				CLANG_WARN__DUPLICATE_METHOD_MATCH = YES;
				COPY_PHASE_STRIP = NO;
				DEBUG_INFORMATION_FORMAT = "dwarf-with-dsym";
				ENABLE_NS_ASSERTIONS = NO;
				ENABLE_STRICT_OBJC_MSGSEND = YES;
				ENABLE_USER_SCRIPT_SANDBOXING = YES;
				GCC_C_LANGUAGE_STANDARD = gnu17;
				GCC_NO_COMMON_BLOCKS = YES;
				GCC_WARN_64_TO_32_BIT_CONVERSION = YES;
				GCC_WARN_ABOUT_RETURN_TYPE = YES_ERROR;
				GCC_WARN_UNDECLARED_SELECTOR = YES;
				GCC_WARN_UNINITIALIZED_AUTOS = YES_AGGRESSIVE;
				GCC_WARN_UNUSED_FUNCTION = YES;
				GCC_WARN_UNUSED_VARIABLE = YES;
				INFOPLIST_KEY_LSApplicationCategoryType = "public.app-category.news";
				LOCALIZATION_PREFERS_STRING_CATALOGS = YES;
				MTL_ENABLE_DEBUG_INFO = NO;
				MTL_FAST_MATH = YES;
				SWIFT_COMPILATION_MODE = wholemodule;
			};
			name = Release;
		};
		BF72AAB32AA0BFD400368DA5 /* Debug */ = {
			isa = XCBuildConfiguration;
			buildSettings = {
				API_BASE_URL = "https://newsapi.org/v2/";
				API_KEY = c87200123dfd460cb2a6ef82292d37b4;
				ASSETCATALOG_COMPILER_APPICON_NAME = AppIcon;
				ASSETCATALOG_COMPILER_GLOBAL_ACCENT_COLOR_NAME = AccentColor;
				CODE_SIGN_ENTITLEMENTS = BobbysNews/Resource/BobbysNews.entitlements;
				CODE_SIGN_STYLE = Automatic;
				CURRENT_PROJECT_VERSION = 1;
				DEVELOPMENT_ASSET_PATHS = "\"BobbysNews/Resource\"";
				DEVELOPMENT_TEAM = 94JQJE3TWJ;
				ENABLE_HARDENED_RUNTIME = YES;
				ENABLE_PREVIEWS = YES;
				GENERATE_INFOPLIST_FILE = YES;
				INFOPLIST_FILE = BobbysNews/Resource/Info.plist;
				INFOPLIST_KEY_CFBundleDisplayName = BobbysNews;
				INFOPLIST_KEY_LSApplicationCategoryType = "public.app-category.news";
				"INFOPLIST_KEY_UIApplicationSceneManifest_Generation[sdk=iphoneos*]" = YES;
				"INFOPLIST_KEY_UIApplicationSceneManifest_Generation[sdk=iphonesimulator*]" = YES;
				"INFOPLIST_KEY_UIApplicationSupportsIndirectInputEvents[sdk=iphoneos*]" = YES;
				"INFOPLIST_KEY_UIApplicationSupportsIndirectInputEvents[sdk=iphonesimulator*]" = YES;
				"INFOPLIST_KEY_UILaunchScreen_Generation[sdk=iphoneos*]" = YES;
				"INFOPLIST_KEY_UILaunchScreen_Generation[sdk=iphonesimulator*]" = YES;
				"INFOPLIST_KEY_UIStatusBarStyle[sdk=iphoneos*]" = UIStatusBarStyleDefault;
				"INFOPLIST_KEY_UIStatusBarStyle[sdk=iphonesimulator*]" = UIStatusBarStyleDefault;
				INFOPLIST_KEY_UISupportedInterfaceOrientations_iPad = "UIInterfaceOrientationPortrait UIInterfaceOrientationPortraitUpsideDown UIInterfaceOrientationLandscapeLeft UIInterfaceOrientationLandscapeRight";
				INFOPLIST_KEY_UISupportedInterfaceOrientations_iPhone = "UIInterfaceOrientationPortrait UIInterfaceOrientationLandscapeLeft UIInterfaceOrientationLandscapeRight";
				IPHONEOS_DEPLOYMENT_TARGET = 17.0;
				LD_RUNPATH_SEARCH_PATHS = "@executable_path/Frameworks";
				"LD_RUNPATH_SEARCH_PATHS[sdk=macosx*]" = "@executable_path/../Frameworks";
				MACOSX_DEPLOYMENT_TARGET = 13.5;
				MARKETING_VERSION = 1.0;
				PRODUCT_BUNDLE_IDENTIFIER = com.burakerol.BobbysNews;
				PRODUCT_NAME = "$(TARGET_NAME)";
				SDKROOT = auto;
				SUPPORTED_PLATFORMS = "iphoneos iphonesimulator";
				SUPPORTS_MACCATALYST = NO;
				SWIFT_EMIT_LOC_STRINGS = YES;
				SWIFT_VERSION = 5.0;
				TARGETED_DEVICE_FAMILY = "1,2";
			};
			name = Debug;
		};
		BF72AAB42AA0BFD400368DA5 /* Release */ = {
			isa = XCBuildConfiguration;
			buildSettings = {
				API_BASE_URL = "https://newsapi.org/v2/";
				API_KEY = c87200123dfd460cb2a6ef82292d37b4;
				ASSETCATALOG_COMPILER_APPICON_NAME = AppIcon;
				ASSETCATALOG_COMPILER_GLOBAL_ACCENT_COLOR_NAME = AccentColor;
				CODE_SIGN_ENTITLEMENTS = BobbysNews/Resource/BobbysNews.entitlements;
				CODE_SIGN_STYLE = Automatic;
				CURRENT_PROJECT_VERSION = 1;
				DEVELOPMENT_ASSET_PATHS = "\"BobbysNews/Resource\"";
				DEVELOPMENT_TEAM = 94JQJE3TWJ;
				ENABLE_HARDENED_RUNTIME = YES;
				ENABLE_PREVIEWS = YES;
				GENERATE_INFOPLIST_FILE = YES;
				INFOPLIST_FILE = BobbysNews/Resource/Info.plist;
				INFOPLIST_KEY_CFBundleDisplayName = BobbysNews;
				INFOPLIST_KEY_LSApplicationCategoryType = "public.app-category.news";
				"INFOPLIST_KEY_UIApplicationSceneManifest_Generation[sdk=iphoneos*]" = YES;
				"INFOPLIST_KEY_UIApplicationSceneManifest_Generation[sdk=iphonesimulator*]" = YES;
				"INFOPLIST_KEY_UIApplicationSupportsIndirectInputEvents[sdk=iphoneos*]" = YES;
				"INFOPLIST_KEY_UIApplicationSupportsIndirectInputEvents[sdk=iphonesimulator*]" = YES;
				"INFOPLIST_KEY_UILaunchScreen_Generation[sdk=iphoneos*]" = YES;
				"INFOPLIST_KEY_UILaunchScreen_Generation[sdk=iphonesimulator*]" = YES;
				"INFOPLIST_KEY_UIStatusBarStyle[sdk=iphoneos*]" = UIStatusBarStyleDefault;
				"INFOPLIST_KEY_UIStatusBarStyle[sdk=iphonesimulator*]" = UIStatusBarStyleDefault;
				INFOPLIST_KEY_UISupportedInterfaceOrientations_iPad = "UIInterfaceOrientationPortrait UIInterfaceOrientationPortraitUpsideDown UIInterfaceOrientationLandscapeLeft UIInterfaceOrientationLandscapeRight";
				INFOPLIST_KEY_UISupportedInterfaceOrientations_iPhone = "UIInterfaceOrientationPortrait UIInterfaceOrientationLandscapeLeft UIInterfaceOrientationLandscapeRight";
				IPHONEOS_DEPLOYMENT_TARGET = 17.0;
				LD_RUNPATH_SEARCH_PATHS = "@executable_path/Frameworks";
				"LD_RUNPATH_SEARCH_PATHS[sdk=macosx*]" = "@executable_path/../Frameworks";
				MACOSX_DEPLOYMENT_TARGET = 13.5;
				MARKETING_VERSION = 1.0;
				PRODUCT_BUNDLE_IDENTIFIER = com.burakerol.BobbysNews;
				PRODUCT_NAME = "$(TARGET_NAME)";
				SDKROOT = auto;
				SUPPORTED_PLATFORMS = "iphoneos iphonesimulator";
				SUPPORTS_MACCATALYST = NO;
				SWIFT_EMIT_LOC_STRINGS = YES;
				SWIFT_VERSION = 5.0;
				TARGETED_DEVICE_FAMILY = "1,2";
			};
			name = Release;
		};
		BF72AAB62AA0BFD400368DA5 /* Debug */ = {
			isa = XCBuildConfiguration;
			buildSettings = {
				ALWAYS_EMBED_SWIFT_STANDARD_LIBRARIES = YES;
				BUNDLE_LOADER = "$(TEST_HOST)";
				CODE_SIGN_STYLE = Automatic;
				CURRENT_PROJECT_VERSION = 1;
				DEVELOPMENT_TEAM = 94JQJE3TWJ;
				GENERATE_INFOPLIST_FILE = YES;
				IPHONEOS_DEPLOYMENT_TARGET = 17.0;
				MACOSX_DEPLOYMENT_TARGET = 13.5;
				MARKETING_VERSION = 1.0;
				PRODUCT_BUNDLE_IDENTIFIER = com.burakerol.BobbysNewsTests;
				PRODUCT_NAME = "$(TARGET_NAME)";
				SDKROOT = auto;
				SUPPORTED_PLATFORMS = "iphoneos iphonesimulator";
				SUPPORTS_MACCATALYST = NO;
				SWIFT_EMIT_LOC_STRINGS = NO;
				SWIFT_VERSION = 5.0;
				TARGETED_DEVICE_FAMILY = "1,2";
				TEST_HOST = "$(BUILT_PRODUCTS_DIR)/BobbysNews.app/$(BUNDLE_EXECUTABLE_FOLDER_PATH)/BobbysNews";
			};
			name = Debug;
		};
		BF72AAB72AA0BFD400368DA5 /* Release */ = {
			isa = XCBuildConfiguration;
			buildSettings = {
				ALWAYS_EMBED_SWIFT_STANDARD_LIBRARIES = YES;
				BUNDLE_LOADER = "$(TEST_HOST)";
				CODE_SIGN_STYLE = Automatic;
				CURRENT_PROJECT_VERSION = 1;
				DEVELOPMENT_TEAM = 94JQJE3TWJ;
				GENERATE_INFOPLIST_FILE = YES;
				IPHONEOS_DEPLOYMENT_TARGET = 17.0;
				MACOSX_DEPLOYMENT_TARGET = 13.5;
				MARKETING_VERSION = 1.0;
				PRODUCT_BUNDLE_IDENTIFIER = com.burakerol.BobbysNewsTests;
				PRODUCT_NAME = "$(TARGET_NAME)";
				SDKROOT = auto;
				SUPPORTED_PLATFORMS = "iphoneos iphonesimulator";
				SUPPORTS_MACCATALYST = NO;
				SWIFT_EMIT_LOC_STRINGS = NO;
				SWIFT_VERSION = 5.0;
				TARGETED_DEVICE_FAMILY = "1,2";
				TEST_HOST = "$(BUILT_PRODUCTS_DIR)/BobbysNews.app/$(BUNDLE_EXECUTABLE_FOLDER_PATH)/BobbysNews";
			};
			name = Release;
		};
		BF72AAB92AA0BFD400368DA5 /* Debug */ = {
			isa = XCBuildConfiguration;
			buildSettings = {
				ALWAYS_EMBED_SWIFT_STANDARD_LIBRARIES = YES;
				CODE_SIGN_STYLE = Automatic;
				CURRENT_PROJECT_VERSION = 1;
				DEVELOPMENT_TEAM = 94JQJE3TWJ;
				GENERATE_INFOPLIST_FILE = YES;
				IPHONEOS_DEPLOYMENT_TARGET = 17.0;
				MACOSX_DEPLOYMENT_TARGET = 13.5;
				MARKETING_VERSION = 1.0;
				PRODUCT_BUNDLE_IDENTIFIER = com.burakerol.BobbysNewsUITests;
				PRODUCT_NAME = "$(TARGET_NAME)";
				SDKROOT = auto;
				SUPPORTED_PLATFORMS = "iphoneos iphonesimulator";
				SUPPORTS_MACCATALYST = NO;
				SWIFT_EMIT_LOC_STRINGS = NO;
				SWIFT_VERSION = 5.0;
				TARGETED_DEVICE_FAMILY = "1,2";
				TEST_TARGET_NAME = BobbysNews;
			};
			name = Debug;
		};
		BF72AABA2AA0BFD400368DA5 /* Release */ = {
			isa = XCBuildConfiguration;
			buildSettings = {
				ALWAYS_EMBED_SWIFT_STANDARD_LIBRARIES = YES;
				CODE_SIGN_STYLE = Automatic;
				CURRENT_PROJECT_VERSION = 1;
				DEVELOPMENT_TEAM = 94JQJE3TWJ;
				GENERATE_INFOPLIST_FILE = YES;
				IPHONEOS_DEPLOYMENT_TARGET = 17.0;
				MACOSX_DEPLOYMENT_TARGET = 13.5;
				MARKETING_VERSION = 1.0;
				PRODUCT_BUNDLE_IDENTIFIER = com.burakerol.BobbysNewsUITests;
				PRODUCT_NAME = "$(TARGET_NAME)";
				SDKROOT = auto;
				SUPPORTED_PLATFORMS = "iphoneos iphonesimulator";
				SUPPORTS_MACCATALYST = NO;
				SWIFT_EMIT_LOC_STRINGS = NO;
				SWIFT_VERSION = 5.0;
				TARGETED_DEVICE_FAMILY = "1,2";
				TEST_TARGET_NAME = BobbysNews;
			};
			name = Release;
		};
/* End XCBuildConfiguration section */

/* Begin XCConfigurationList section */
		BF72AA822AA0BFD300368DA5 /* Build configuration list for PBXProject "BobbysNews" */ = {
			isa = XCConfigurationList;
			buildConfigurations = (
				BF72AAB02AA0BFD400368DA5 /* Debug */,
				BF72AAB12AA0BFD400368DA5 /* Release */,
			);
			defaultConfigurationIsVisible = 0;
			defaultConfigurationName = Release;
		};
		BF72AAB22AA0BFD400368DA5 /* Build configuration list for PBXNativeTarget "BobbysNews" */ = {
			isa = XCConfigurationList;
			buildConfigurations = (
				BF72AAB32AA0BFD400368DA5 /* Debug */,
				BF72AAB42AA0BFD400368DA5 /* Release */,
			);
			defaultConfigurationIsVisible = 0;
			defaultConfigurationName = Release;
		};
		BF72AAB52AA0BFD400368DA5 /* Build configuration list for PBXNativeTarget "BobbysNewsTests" */ = {
			isa = XCConfigurationList;
			buildConfigurations = (
				BF72AAB62AA0BFD400368DA5 /* Debug */,
				BF72AAB72AA0BFD400368DA5 /* Release */,
			);
			defaultConfigurationIsVisible = 0;
			defaultConfigurationName = Release;
		};
		BF72AAB82AA0BFD400368DA5 /* Build configuration list for PBXNativeTarget "BobbysNewsUITests" */ = {
			isa = XCConfigurationList;
			buildConfigurations = (
				BF72AAB92AA0BFD400368DA5 /* Debug */,
				BF72AABA2AA0BFD400368DA5 /* Release */,
			);
			defaultConfigurationIsVisible = 0;
			defaultConfigurationName = Release;
		};
/* End XCConfigurationList section */

/* Begin XCVersionGroup section */
		BF72AA8E2AA0BFD300368DA5 /* BobbysNews.xcdatamodeld */ = {
			isa = XCVersionGroup;
			children = (
				BF72AA8F2AA0BFD300368DA5 /* BobbysNews.xcdatamodel */,
			);
			currentVersion = BF72AA8F2AA0BFD300368DA5 /* BobbysNews.xcdatamodel */;
			path = BobbysNews.xcdatamodeld;
			sourceTree = "<group>";
			versionGroupType = wrapper.xcdatamodel;
		};
/* End XCVersionGroup section */
	};
	rootObject = BF72AA7F2AA0BFD300368DA5 /* Project object */;
}
