// !$*UTF8*$!
{
	archiveVersion = 1;
	classes = {
	};
	objectVersion = 56;
	objects = {

/* Begin PBXBuildFile section */
		BF1786A62B63B5C50030FB12 /* EntityMock.swift in Sources */ = {isa = PBXBuildFile; fileRef = BF1786A52B63B5C50030FB12 /* EntityMock.swift */; };
		BF1786A92B63BACA0030FB12 /* ContentViewModelUseCaseMock.swift in Sources */ = {isa = PBXBuildFile; fileRef = BF1786A82B63BACA0030FB12 /* ContentViewModelUseCaseMock.swift */; };
		BF188EB52AA0E17400955836 /* ContentViewModel.swift in Sources */ = {isa = PBXBuildFile; fileRef = BF188EB42AA0E17400955836 /* ContentViewModel.swift */; };
		BF188EB82AA0E33D00955836 /* Localizable.xcstrings in Resources */ = {isa = PBXBuildFile; fileRef = BF188EB72AA0E33D00955836 /* Localizable.xcstrings */; };
		BF188EBA2AA0E38B00955836 /* DetailView.swift in Sources */ = {isa = PBXBuildFile; fileRef = BF188EB92AA0E38B00955836 /* DetailView.swift */; };
		BF188EBC2AA0E39600955836 /* DetailViewModel.swift in Sources */ = {isa = PBXBuildFile; fileRef = BF188EBB2AA0E39600955836 /* DetailViewModel.swift */; };
		BF188EBE2AA0E3AD00955836 /* DetailViewModelTests.swift in Sources */ = {isa = PBXBuildFile; fileRef = BF188EBD2AA0E3AD00955836 /* DetailViewModelTests.swift */; };
		BF72AA922AA0BFD300368DA5 /* ContentView.swift in Sources */ = {isa = PBXBuildFile; fileRef = BF72AA912AA0BFD300368DA5 /* ContentView.swift */; };
		BF72AA942AA0BFD400368DA5 /* Assets.xcassets in Resources */ = {isa = PBXBuildFile; fileRef = BF72AA932AA0BFD400368DA5 /* Assets.xcassets */; };
		BF72AAA32AA0BFD400368DA5 /* ContentViewModelTests.swift in Sources */ = {isa = PBXBuildFile; fileRef = BF72AAA22AA0BFD400368DA5 /* ContentViewModelTests.swift */; };
		BF72AAAD2AA0BFD400368DA5 /* BobbysNewsUITests.swift in Sources */ = {isa = PBXBuildFile; fileRef = BF72AAAC2AA0BFD400368DA5 /* BobbysNewsUITests.swift */; };
		BF72AAAF2AA0BFD400368DA5 /* BobbysNewsUITestsLaunchTests.swift in Sources */ = {isa = PBXBuildFile; fileRef = BF72AAAE2AA0BFD400368DA5 /* BobbysNewsUITestsLaunchTests.swift */; };
		BF7DFCB62AA1338100FCB11C /* ContentViewTests.swift in Sources */ = {isa = PBXBuildFile; fileRef = BF7DFCB52AA1338100FCB11C /* ContentViewTests.swift */; };
		BF7DFCB82AA133B400FCB11C /* DetailViewTests.swift in Sources */ = {isa = PBXBuildFile; fileRef = BF7DFCB72AA133B400FCB11C /* DetailViewTests.swift */; };
		BF91F8CD2AB24DA800CEF82E /* XCUIApplication+Extension.swift in Sources */ = {isa = PBXBuildFile; fileRef = BF91F8CC2AB24DA800CEF82E /* XCUIApplication+Extension.swift */; };
		BFAB87852B61927300A51F36 /* BobbysNewsApp.swift in Sources */ = {isa = PBXBuildFile; fileRef = BFAB87842B61927300A51F36 /* BobbysNewsApp.swift */; };
		BFAB87862B61927300A51F36 /* ViewModelFactory.swift in Sources */ = {isa = PBXBuildFile; fileRef = BFAB87832B61927300A51F36 /* ViewModelFactory.swift */; };
		BFBDEA182B61BDBE00548AB5 /* Errors+Extension.swift in Sources */ = {isa = PBXBuildFile; fileRef = BFBDEA172B61BDBE00548AB5 /* Errors+Extension.swift */; };
		BFBDEA1A2B61C25F00548AB5 /* ErrorsExtensionTests.swift in Sources */ = {isa = PBXBuildFile; fileRef = BFBDEA192B61C25F00548AB5 /* ErrorsExtensionTests.swift */; };
		BFD1B8AE2AA5E70F000ED973 /* ViewModelFactoryTests.swift in Sources */ = {isa = PBXBuildFile; fileRef = BFD1B8AD2AA5E70F000ED973 /* ViewModelFactoryTests.swift */; };
		BFD1B8C42AA634B9000ED973 /* DateExtensionTests.swift in Sources */ = {isa = PBXBuildFile; fileRef = BFD1B8C32AA634B9000ED973 /* DateExtensionTests.swift */; };
		BFD1F8F22B6405F7003E425C /* BobbysNewsData in Frameworks */ = {isa = PBXBuildFile; productRef = BFD1F8F12B6405F7003E425C /* BobbysNewsData */; };
		BFD1F8F42B6405F7003E425C /* BobbysNewsDomain in Frameworks */ = {isa = PBXBuildFile; productRef = BFD1F8F32B6405F7003E425C /* BobbysNewsDomain */; };
		BFDD66972AA3B4BD00BB49CE /* Date+Extension.swift in Sources */ = {isa = PBXBuildFile; fileRef = BFDD66962AA3B4BD00BB49CE /* Date+Extension.swift */; };
/* End PBXBuildFile section */

/* Begin PBXContainerItemProxy section */
		BF72AA9F2AA0BFD400368DA5 /* PBXContainerItemProxy */ = {
			isa = PBXContainerItemProxy;
			containerPortal = BF72AA7F2AA0BFD300368DA5 /* Project object */;
			proxyType = 1;
			remoteGlobalIDString = BF72AA862AA0BFD300368DA5;
			remoteInfo = BobbysNews;
		};
		BF72AAA92AA0BFD400368DA5 /* PBXContainerItemProxy */ = {
			isa = PBXContainerItemProxy;
			containerPortal = BF72AA7F2AA0BFD300368DA5 /* Project object */;
			proxyType = 1;
			remoteGlobalIDString = BF72AA862AA0BFD300368DA5;
			remoteInfo = BobbysNews;
		};
/* End PBXContainerItemProxy section */

/* Begin PBXFileReference section */
		BF00C0B72B613B47008D159A /* BobbysNewsData */ = {isa = PBXFileReference; lastKnownFileType = wrapper; path = BobbysNewsData; sourceTree = "<group>"; };
		BF1786A52B63B5C50030FB12 /* EntityMock.swift */ = {isa = PBXFileReference; lastKnownFileType = sourcecode.swift; path = EntityMock.swift; sourceTree = "<group>"; };
		BF1786A82B63BACA0030FB12 /* ContentViewModelUseCaseMock.swift */ = {isa = PBXFileReference; lastKnownFileType = sourcecode.swift; path = ContentViewModelUseCaseMock.swift; sourceTree = "<group>"; };
		BF188EB42AA0E17400955836 /* ContentViewModel.swift */ = {isa = PBXFileReference; lastKnownFileType = sourcecode.swift; path = ContentViewModel.swift; sourceTree = "<group>"; };
		BF188EB72AA0E33D00955836 /* Localizable.xcstrings */ = {isa = PBXFileReference; lastKnownFileType = text.json.xcstrings; path = Localizable.xcstrings; sourceTree = "<group>"; };
		BF188EB92AA0E38B00955836 /* DetailView.swift */ = {isa = PBXFileReference; lastKnownFileType = sourcecode.swift; path = DetailView.swift; sourceTree = "<group>"; };
		BF188EBB2AA0E39600955836 /* DetailViewModel.swift */ = {isa = PBXFileReference; lastKnownFileType = sourcecode.swift; path = DetailViewModel.swift; sourceTree = "<group>"; };
		BF188EBD2AA0E3AD00955836 /* DetailViewModelTests.swift */ = {isa = PBXFileReference; lastKnownFileType = sourcecode.swift; path = DetailViewModelTests.swift; sourceTree = "<group>"; };
		BF72AA872AA0BFD300368DA5 /* BobbysNews.app */ = {isa = PBXFileReference; explicitFileType = wrapper.application; includeInIndex = 0; path = BobbysNews.app; sourceTree = BUILT_PRODUCTS_DIR; };
		BF72AA912AA0BFD300368DA5 /* ContentView.swift */ = {isa = PBXFileReference; lastKnownFileType = sourcecode.swift; path = ContentView.swift; sourceTree = "<group>"; };
		BF72AA932AA0BFD400368DA5 /* Assets.xcassets */ = {isa = PBXFileReference; lastKnownFileType = folder.assetcatalog; path = Assets.xcassets; sourceTree = "<group>"; };
		BF72AA952AA0BFD400368DA5 /* BobbysNews.entitlements */ = {isa = PBXFileReference; lastKnownFileType = text.plist.entitlements; path = BobbysNews.entitlements; sourceTree = "<group>"; };
		BF72AA992AA0BFD400368DA5 /* Info.plist */ = {isa = PBXFileReference; lastKnownFileType = text.plist.xml; path = Info.plist; sourceTree = "<group>"; };
		BF72AA9E2AA0BFD400368DA5 /* BobbysNewsTests.xctest */ = {isa = PBXFileReference; explicitFileType = wrapper.cfbundle; includeInIndex = 0; path = BobbysNewsTests.xctest; sourceTree = BUILT_PRODUCTS_DIR; };
		BF72AAA22AA0BFD400368DA5 /* ContentViewModelTests.swift */ = {isa = PBXFileReference; lastKnownFileType = sourcecode.swift; path = ContentViewModelTests.swift; sourceTree = "<group>"; };
		BF72AAA82AA0BFD400368DA5 /* BobbysNewsUITests.xctest */ = {isa = PBXFileReference; explicitFileType = wrapper.cfbundle; includeInIndex = 0; path = BobbysNewsUITests.xctest; sourceTree = BUILT_PRODUCTS_DIR; };
		BF72AAAC2AA0BFD400368DA5 /* BobbysNewsUITests.swift */ = {isa = PBXFileReference; lastKnownFileType = sourcecode.swift; path = BobbysNewsUITests.swift; sourceTree = "<group>"; };
		BF72AAAE2AA0BFD400368DA5 /* BobbysNewsUITestsLaunchTests.swift */ = {isa = PBXFileReference; lastKnownFileType = sourcecode.swift; path = BobbysNewsUITestsLaunchTests.swift; sourceTree = "<group>"; };
		BF79CBFA2B1F7A2700E32CFB /* BobbysNews.xctestplan */ = {isa = PBXFileReference; lastKnownFileType = text; path = BobbysNews.xctestplan; sourceTree = "<group>"; };
		BF7DFCB52AA1338100FCB11C /* ContentViewTests.swift */ = {isa = PBXFileReference; lastKnownFileType = sourcecode.swift; path = ContentViewTests.swift; sourceTree = "<group>"; };
		BF7DFCB72AA133B400FCB11C /* DetailViewTests.swift */ = {isa = PBXFileReference; lastKnownFileType = sourcecode.swift; path = DetailViewTests.swift; sourceTree = "<group>"; };
		BF8B97022B61615C006F5D85 /* BobbysNewsDomain */ = {isa = PBXFileReference; lastKnownFileType = wrapper; path = BobbysNewsDomain; sourceTree = "<group>"; };
		BF91F8CC2AB24DA800CEF82E /* XCUIApplication+Extension.swift */ = {isa = PBXFileReference; lastKnownFileType = sourcecode.swift; path = "XCUIApplication+Extension.swift"; sourceTree = "<group>"; };
		BFAB87832B61927300A51F36 /* ViewModelFactory.swift */ = {isa = PBXFileReference; lastKnownFileType = sourcecode.swift; path = ViewModelFactory.swift; sourceTree = "<group>"; };
		BFAB87842B61927300A51F36 /* BobbysNewsApp.swift */ = {isa = PBXFileReference; lastKnownFileType = sourcecode.swift; path = BobbysNewsApp.swift; sourceTree = "<group>"; };
		BFBDEA172B61BDBE00548AB5 /* Errors+Extension.swift */ = {isa = PBXFileReference; lastKnownFileType = sourcecode.swift; path = "Errors+Extension.swift"; sourceTree = "<group>"; };
		BFBDEA192B61C25F00548AB5 /* ErrorsExtensionTests.swift */ = {isa = PBXFileReference; lastKnownFileType = sourcecode.swift; path = ErrorsExtensionTests.swift; sourceTree = "<group>"; };
		BFD1B8AD2AA5E70F000ED973 /* ViewModelFactoryTests.swift */ = {isa = PBXFileReference; lastKnownFileType = sourcecode.swift; path = ViewModelFactoryTests.swift; sourceTree = "<group>"; };
		BFD1B8C32AA634B9000ED973 /* DateExtensionTests.swift */ = {isa = PBXFileReference; lastKnownFileType = sourcecode.swift; path = DateExtensionTests.swift; sourceTree = "<group>"; };
		BFDD66962AA3B4BD00BB49CE /* Date+Extension.swift */ = {isa = PBXFileReference; lastKnownFileType = sourcecode.swift; path = "Date+Extension.swift"; sourceTree = "<group>"; };
/* End PBXFileReference section */

/* Begin PBXFrameworksBuildPhase section */
		BF72AA842AA0BFD300368DA5 /* Frameworks */ = {
			isa = PBXFrameworksBuildPhase;
			buildActionMask = 2147483647;
			files = (
				BFD1F8F42B6405F7003E425C /* BobbysNewsDomain in Frameworks */,
				BFD1F8F22B6405F7003E425C /* BobbysNewsData in Frameworks */,
			);
			runOnlyForDeploymentPostprocessing = 0;
		};
		BF72AA9B2AA0BFD400368DA5 /* Frameworks */ = {
			isa = PBXFrameworksBuildPhase;
			buildActionMask = 2147483647;
			files = (
			);
			runOnlyForDeploymentPostprocessing = 0;
		};
		BF72AAA52AA0BFD400368DA5 /* Frameworks */ = {
			isa = PBXFrameworksBuildPhase;
			buildActionMask = 2147483647;
			files = (
			);
			runOnlyForDeploymentPostprocessing = 0;
		};
/* End PBXFrameworksBuildPhase section */

/* Begin PBXGroup section */
		BF1786A32B63B57A0030FB12 /* Mock */ = {
			isa = PBXGroup;
			children = (
				BF1786A42B63B5AA0030FB12 /* Entity */,
				BF1786A72B63BA290030FB12 /* UseCase */,
			);
			path = Mock;
			sourceTree = "<group>";
		};
		BF1786A42B63B5AA0030FB12 /* Entity */ = {
			isa = PBXGroup;
			children = (
				BF1786A52B63B5C50030FB12 /* EntityMock.swift */,
			);
			path = Entity;
			sourceTree = "<group>";
		};
		BF1786A72B63BA290030FB12 /* UseCase */ = {
			isa = PBXGroup;
			children = (
				BF1786A82B63BACA0030FB12 /* ContentViewModelUseCaseMock.swift */,
			);
			path = UseCase;
			sourceTree = "<group>";
		};
		BF72AA7E2AA0BFD300368DA5 = {
			isa = PBXGroup;
			children = (
				BF72AA892AA0BFD300368DA5 /* BobbysNews */,
				BF72AAA12AA0BFD400368DA5 /* BobbysNewsTests */,
				BF72AAAB2AA0BFD400368DA5 /* BobbysNewsUITests */,
				BF00C0B72B613B47008D159A /* BobbysNewsData */,
				BF8B97022B61615C006F5D85 /* BobbysNewsDomain */,
				BF72AA882AA0BFD300368DA5 /* Products */,
				BF8B97032B617F13006F5D85 /* Frameworks */,
			);
			sourceTree = "<group>";
		};
		BF72AA882AA0BFD300368DA5 /* Products */ = {
			isa = PBXGroup;
			children = (
				BF72AA872AA0BFD300368DA5 /* BobbysNews.app */,
				BF72AA9E2AA0BFD400368DA5 /* BobbysNewsTests.xctest */,
				BF72AAA82AA0BFD400368DA5 /* BobbysNewsUITests.xctest */,
			);
			name = Products;
			sourceTree = "<group>";
		};
		BF72AA892AA0BFD300368DA5 /* BobbysNews */ = {
			isa = PBXGroup;
			children = (
				BFAB87872B61927E00A51F36 /* App */,
				BFAB878A2B61975F00A51F36 /* Factory */,
				BFBDD9152AA0C38200A4D6DF /* Presentation */,
				BFBDD9162AA0C47200A4D6DF /* Resource */,
			);
			path = BobbysNews;
			sourceTree = "<group>";
		};
		BF72AAA12AA0BFD400368DA5 /* BobbysNewsTests */ = {
			isa = PBXGroup;
			children = (
				BFBDEA1B2B61C33500548AB5 /* Factory */,
				BF1786A32B63B57A0030FB12 /* Mock */,
				BFDD66852AA386C500BB49CE /* Presentation */,
			);
			path = BobbysNewsTests;
			sourceTree = "<group>";
		};
		BF72AAAB2AA0BFD400368DA5 /* BobbysNewsUITests */ = {
			isa = PBXGroup;
			children = (
				BFDD66812AA3867D00BB49CE /* App */,
				BF91F8CE2AB24DAD00CEF82E /* Extension */,
				BFDD66822AA3868700BB49CE /* Presentation */,
			);
			path = BobbysNewsUITests;
			sourceTree = "<group>";
		};
		BF8B97032B617F13006F5D85 /* Frameworks */ = {
			isa = PBXGroup;
			children = (
			);
			name = Frameworks;
			sourceTree = "<group>";
		};
		BF91F8CE2AB24DAD00CEF82E /* Extension */ = {
			isa = PBXGroup;
			children = (
				BF91F8CC2AB24DA800CEF82E /* XCUIApplication+Extension.swift */,
			);
			path = Extension;
			sourceTree = "<group>";
		};
		BFAB87872B61927E00A51F36 /* App */ = {
			isa = PBXGroup;
			children = (
				BFAB87842B61927300A51F36 /* BobbysNewsApp.swift */,
			);
			path = App;
			sourceTree = "<group>";
		};
		BFAB878A2B61975F00A51F36 /* Factory */ = {
			isa = PBXGroup;
			children = (
				BFAB87832B61927300A51F36 /* ViewModelFactory.swift */,
			);
			path = Factory;
			sourceTree = "<group>";
		};
		BFBDD9152AA0C38200A4D6DF /* Presentation */ = {
			isa = PBXGroup;
			children = (
				BFDD669A2AA3B55B00BB49CE /* Extension */,
				BF72AA912AA0BFD300368DA5 /* ContentView.swift */,
				BF188EB42AA0E17400955836 /* ContentViewModel.swift */,
				BF188EB92AA0E38B00955836 /* DetailView.swift */,
				BF188EBB2AA0E39600955836 /* DetailViewModel.swift */,
			);
			path = Presentation;
			sourceTree = "<group>";
		};
		BFBDD9162AA0C47200A4D6DF /* Resource */ = {
			isa = PBXGroup;
			children = (
				BF72AA932AA0BFD400368DA5 /* Assets.xcassets */,
				BF72AA952AA0BFD400368DA5 /* BobbysNews.entitlements */,
				BF79CBFA2B1F7A2700E32CFB /* BobbysNews.xctestplan */,
				BF72AA992AA0BFD400368DA5 /* Info.plist */,
				BF188EB72AA0E33D00955836 /* Localizable.xcstrings */,
			);
			path = Resource;
			sourceTree = "<group>";
		};
		BFBDEA1B2B61C33500548AB5 /* Factory */ = {
			isa = PBXGroup;
			children = (
				BFD1B8AD2AA5E70F000ED973 /* ViewModelFactoryTests.swift */,
			);
			path = Factory;
			sourceTree = "<group>";
		};
		BFD1B8C22AA634A6000ED973 /* Extension */ = {
			isa = PBXGroup;
			children = (
				BFD1B8C32AA634B9000ED973 /* DateExtensionTests.swift */,
				BFBDEA192B61C25F00548AB5 /* ErrorsExtensionTests.swift */,
			);
			path = Extension;
			sourceTree = "<group>";
		};
		BFDD66812AA3867D00BB49CE /* App */ = {
			isa = PBXGroup;
			children = (
				BF72AAAC2AA0BFD400368DA5 /* BobbysNewsUITests.swift */,
				BF72AAAE2AA0BFD400368DA5 /* BobbysNewsUITestsLaunchTests.swift */,
			);
			path = App;
			sourceTree = "<group>";
		};
		BFDD66822AA3868700BB49CE /* Presentation */ = {
			isa = PBXGroup;
			children = (
				BF7DFCB52AA1338100FCB11C /* ContentViewTests.swift */,
				BF7DFCB72AA133B400FCB11C /* DetailViewTests.swift */,
			);
			path = Presentation;
			sourceTree = "<group>";
		};
		BFDD66852AA386C500BB49CE /* Presentation */ = {
			isa = PBXGroup;
			children = (
				BFD1B8C22AA634A6000ED973 /* Extension */,
				BF72AAA22AA0BFD400368DA5 /* ContentViewModelTests.swift */,
				BF188EBD2AA0E3AD00955836 /* DetailViewModelTests.swift */,
			);
			path = Presentation;
			sourceTree = "<group>";
		};
		BFDD669A2AA3B55B00BB49CE /* Extension */ = {
			isa = PBXGroup;
			children = (
				BFDD66962AA3B4BD00BB49CE /* Date+Extension.swift */,
				BFBDEA172B61BDBE00548AB5 /* Errors+Extension.swift */,
			);
			path = Extension;
			sourceTree = "<group>";
		};
/* End PBXGroup section */

/* Begin PBXNativeTarget section */
		BF72AA862AA0BFD300368DA5 /* BobbysNews */ = {
			isa = PBXNativeTarget;
			buildConfigurationList = BF72AAB22AA0BFD400368DA5 /* Build configuration list for PBXNativeTarget "BobbysNews" */;
			buildPhases = (
				BF72AA832AA0BFD300368DA5 /* Sources */,
				BF72AA842AA0BFD300368DA5 /* Frameworks */,
				BF72AA852AA0BFD300368DA5 /* Resources */,
			);
			buildRules = (
			);
			dependencies = (
			);
			name = BobbysNews;
			packageProductDependencies = (
				BFD1F8F12B6405F7003E425C /* BobbysNewsData */,
				BFD1F8F32B6405F7003E425C /* BobbysNewsDomain */,
			);
			productName = BobbysNews;
			productReference = BF72AA872AA0BFD300368DA5 /* BobbysNews.app */;
			productType = "com.apple.product-type.application";
		};
		BF72AA9D2AA0BFD400368DA5 /* BobbysNewsTests */ = {
			isa = PBXNativeTarget;
			buildConfigurationList = BF72AAB52AA0BFD400368DA5 /* Build configuration list for PBXNativeTarget "BobbysNewsTests" */;
			buildPhases = (
				BF72AA9A2AA0BFD400368DA5 /* Sources */,
				BF72AA9B2AA0BFD400368DA5 /* Frameworks */,
				BF72AA9C2AA0BFD400368DA5 /* Resources */,
			);
			buildRules = (
			);
			dependencies = (
				BF72AAA02AA0BFD400368DA5 /* PBXTargetDependency */,
			);
			name = BobbysNewsTests;
			productName = BobbysNewsTests;
			productReference = BF72AA9E2AA0BFD400368DA5 /* BobbysNewsTests.xctest */;
			productType = "com.apple.product-type.bundle.unit-test";
		};
		BF72AAA72AA0BFD400368DA5 /* BobbysNewsUITests */ = {
			isa = PBXNativeTarget;
			buildConfigurationList = BF72AAB82AA0BFD400368DA5 /* Build configuration list for PBXNativeTarget "BobbysNewsUITests" */;
			buildPhases = (
				BF72AAA42AA0BFD400368DA5 /* Sources */,
				BF72AAA52AA0BFD400368DA5 /* Frameworks */,
				BF72AAA62AA0BFD400368DA5 /* Resources */,
			);
			buildRules = (
			);
			dependencies = (
				BF72AAAA2AA0BFD400368DA5 /* PBXTargetDependency */,
			);
			name = BobbysNewsUITests;
			productName = BobbysNewsUITests;
			productReference = BF72AAA82AA0BFD400368DA5 /* BobbysNewsUITests.xctest */;
			productType = "com.apple.product-type.bundle.ui-testing";
		};
/* End PBXNativeTarget section */

/* Begin PBXProject section */
		BF72AA7F2AA0BFD300368DA5 /* Project object */ = {
			isa = PBXProject;
			attributes = {
				BuildIndependentTargetsInParallel = 1;
				LastSwiftUpdateCheck = 1500;
				LastUpgradeCheck = 1520;
				TargetAttributes = {
					BF72AA862AA0BFD300368DA5 = {
						CreatedOnToolsVersion = 15.0;
					};
					BF72AA9D2AA0BFD400368DA5 = {
						CreatedOnToolsVersion = 15.0;
						TestTargetID = BF72AA862AA0BFD300368DA5;
					};
					BF72AAA72AA0BFD400368DA5 = {
						CreatedOnToolsVersion = 15.0;
						TestTargetID = BF72AA862AA0BFD300368DA5;
					};
				};
			};
			buildConfigurationList = BF72AA822AA0BFD300368DA5 /* Build configuration list for PBXProject "BobbysNews" */;
			compatibilityVersion = "Xcode 14.0";
			developmentRegion = en;
			hasScannedForEncodings = 0;
			knownRegions = (
				en,
				Base,
				de,
			);
			mainGroup = BF72AA7E2AA0BFD300368DA5;
			packageReferences = (
			);
			productRefGroup = BF72AA882AA0BFD300368DA5 /* Products */;
			projectDirPath = "";
			projectRoot = "";
			targets = (
				BF72AA862AA0BFD300368DA5 /* BobbysNews */,
				BF72AA9D2AA0BFD400368DA5 /* BobbysNewsTests */,
				BF72AAA72AA0BFD400368DA5 /* BobbysNewsUITests */,
			);
		};
/* End PBXProject section */

/* Begin PBXResourcesBuildPhase section */
		BF72AA852AA0BFD300368DA5 /* Resources */ = {
			isa = PBXResourcesBuildPhase;
			buildActionMask = 2147483647;
			files = (
				BF72AA942AA0BFD400368DA5 /* Assets.xcassets in Resources */,
				BF188EB82AA0E33D00955836 /* Localizable.xcstrings in Resources */,
			);
			runOnlyForDeploymentPostprocessing = 0;
		};
		BF72AA9C2AA0BFD400368DA5 /* Resources */ = {
			isa = PBXResourcesBuildPhase;
			buildActionMask = 2147483647;
			files = (
			);
			runOnlyForDeploymentPostprocessing = 0;
		};
		BF72AAA62AA0BFD400368DA5 /* Resources */ = {
			isa = PBXResourcesBuildPhase;
			buildActionMask = 2147483647;
			files = (
			);
			runOnlyForDeploymentPostprocessing = 0;
		};
/* End PBXResourcesBuildPhase section */

/* Begin PBXSourcesBuildPhase section */
		BF72AA832AA0BFD300368DA5 /* Sources */ = {
			isa = PBXSourcesBuildPhase;
			buildActionMask = 2147483647;
			files = (
				BF188EBA2AA0E38B00955836 /* DetailView.swift in Sources */,
				BF188EBC2AA0E39600955836 /* DetailViewModel.swift in Sources */,
				BFDD66972AA3B4BD00BB49CE /* Date+Extension.swift in Sources */,
				BFAB87852B61927300A51F36 /* BobbysNewsApp.swift in Sources */,
				BF72AA922AA0BFD300368DA5 /* ContentView.swift in Sources */,
				BFAB87862B61927300A51F36 /* ViewModelFactory.swift in Sources */,
				BFBDEA182B61BDBE00548AB5 /* Errors+Extension.swift in Sources */,
				BF188EB52AA0E17400955836 /* ContentViewModel.swift in Sources */,
			);
			runOnlyForDeploymentPostprocessing = 0;
		};
		BF72AA9A2AA0BFD400368DA5 /* Sources */ = {
			isa = PBXSourcesBuildPhase;
			buildActionMask = 2147483647;
			files = (
				BFD1B8C42AA634B9000ED973 /* DateExtensionTests.swift in Sources */,
				BFBDEA1A2B61C25F00548AB5 /* ErrorsExtensionTests.swift in Sources */,
				BF72AAA32AA0BFD400368DA5 /* ContentViewModelTests.swift in Sources */,
				BF188EBE2AA0E3AD00955836 /* DetailViewModelTests.swift in Sources */,
				BF1786A92B63BACA0030FB12 /* ContentViewModelUseCaseMock.swift in Sources */,
				BFD1B8AE2AA5E70F000ED973 /* ViewModelFactoryTests.swift in Sources */,
				BF1786A62B63B5C50030FB12 /* EntityMock.swift in Sources */,
			);
			runOnlyForDeploymentPostprocessing = 0;
		};
		BF72AAA42AA0BFD400368DA5 /* Sources */ = {
			isa = PBXSourcesBuildPhase;
			buildActionMask = 2147483647;
			files = (
				BF7DFCB62AA1338100FCB11C /* ContentViewTests.swift in Sources */,
				BF7DFCB82AA133B400FCB11C /* DetailViewTests.swift in Sources */,
				BF72AAAF2AA0BFD400368DA5 /* BobbysNewsUITestsLaunchTests.swift in Sources */,
				BF91F8CD2AB24DA800CEF82E /* XCUIApplication+Extension.swift in Sources */,
				BF72AAAD2AA0BFD400368DA5 /* BobbysNewsUITests.swift in Sources */,
			);
			runOnlyForDeploymentPostprocessing = 0;
		};
/* End PBXSourcesBuildPhase section */

/* Begin PBXTargetDependency section */
		BF72AAA02AA0BFD400368DA5 /* PBXTargetDependency */ = {
			isa = PBXTargetDependency;
			target = BF72AA862AA0BFD300368DA5 /* BobbysNews */;
			targetProxy = BF72AA9F2AA0BFD400368DA5 /* PBXContainerItemProxy */;
		};
		BF72AAAA2AA0BFD400368DA5 /* PBXTargetDependency */ = {
			isa = PBXTargetDependency;
			target = BF72AA862AA0BFD300368DA5 /* BobbysNews */;
			targetProxy = BF72AAA92AA0BFD400368DA5 /* PBXContainerItemProxy */;
		};
/* End PBXTargetDependency section */

/* Begin XCBuildConfiguration section */
		BF72AAB02AA0BFD400368DA5 /* Debug */ = {
			isa = XCBuildConfiguration;
			buildSettings = {
				ALWAYS_SEARCH_USER_PATHS = NO;
				ASSETCATALOG_COMPILER_GENERATE_SWIFT_ASSET_SYMBOL_EXTENSIONS = YES;
				CLANG_ANALYZER_LOCALIZABILITY_NONLOCALIZED = YES;
				CLANG_ANALYZER_NONNULL = YES;
				CLANG_ANALYZER_NUMBER_OBJECT_CONVERSION = YES_AGGRESSIVE;
				CLANG_CXX_LANGUAGE_STANDARD = "gnu++20";
				CLANG_ENABLE_MODULES = YES;
				CLANG_ENABLE_OBJC_ARC = YES;
				CLANG_ENABLE_OBJC_WEAK = YES;
				CLANG_WARN_BLOCK_CAPTURE_AUTORELEASING = YES;
				CLANG_WARN_BOOL_CONVERSION = YES;
				CLANG_WARN_COMMA = YES;
				CLANG_WARN_CONSTANT_CONVERSION = YES;
				CLANG_WARN_DEPRECATED_OBJC_IMPLEMENTATIONS = YES;
				CLANG_WARN_DIRECT_OBJC_ISA_USAGE = YES_ERROR;
				CLANG_WARN_DOCUMENTATION_COMMENTS = YES;
				CLANG_WARN_EMPTY_BODY = YES;
				CLANG_WARN_ENUM_CONVERSION = YES;
				CLANG_WARN_INFINITE_RECURSION = YES;
				CLANG_WARN_INT_CONVERSION = YES;
				CLANG_WARN_NON_LITERAL_NULL_CONVERSION = YES;
				CLANG_WARN_OBJC_IMPLICIT_RETAIN_SELF = YES;
				CLANG_WARN_OBJC_LITERAL_CONVERSION = YES;
				CLANG_WARN_OBJC_ROOT_CLASS = YES_ERROR;
				CLANG_WARN_QUOTED_INCLUDE_IN_FRAMEWORK_HEADER = YES;
				CLANG_WARN_RANGE_LOOP_ANALYSIS = YES;
				CLANG_WARN_STRICT_PROTOTYPES = YES;
				CLANG_WARN_SUSPICIOUS_MOVE = YES;
				CLANG_WARN_UNGUARDED_AVAILABILITY = YES_AGGRESSIVE;
				CLANG_WARN_UNREACHABLE_CODE = YES;
				CLANG_WARN__DUPLICATE_METHOD_MATCH = YES;
				COPY_PHASE_STRIP = NO;
				DEAD_CODE_STRIPPING = YES;
				DEBUG_INFORMATION_FORMAT = dwarf;
				ENABLE_STRICT_OBJC_MSGSEND = YES;
				ENABLE_TESTABILITY = YES;
				ENABLE_USER_SCRIPT_SANDBOXING = YES;
				GCC_C_LANGUAGE_STANDARD = gnu17;
				GCC_DYNAMIC_NO_PIC = NO;
				GCC_NO_COMMON_BLOCKS = YES;
				GCC_OPTIMIZATION_LEVEL = 0;
				GCC_PREPROCESSOR_DEFINITIONS = (
					"DEBUG=1",
					"$(inherited)",
				);
				GCC_WARN_64_TO_32_BIT_CONVERSION = YES;
				GCC_WARN_ABOUT_RETURN_TYPE = YES_ERROR;
				GCC_WARN_UNDECLARED_SELECTOR = YES;
				GCC_WARN_UNINITIALIZED_AUTOS = YES_AGGRESSIVE;
				GCC_WARN_UNUSED_FUNCTION = YES;
				GCC_WARN_UNUSED_VARIABLE = YES;
				INFOPLIST_KEY_LSApplicationCategoryType = "public.app-category.news";
				IPHONEOS_DEPLOYMENT_TARGET = 17.0;
				LOCALIZATION_PREFERS_STRING_CATALOGS = YES;
				MTL_ENABLE_DEBUG_INFO = INCLUDE_SOURCE;
				MTL_FAST_MATH = YES;
				ONLY_ACTIVE_ARCH = YES;
				SWIFT_ACTIVE_COMPILATION_CONDITIONS = "DEBUG $(inherited)";
				SWIFT_OPTIMIZATION_LEVEL = "-Onone";
				SWIFT_STRICT_CONCURRENCY = minimal;
			};
			name = Debug;
		};
		BF72AAB12AA0BFD400368DA5 /* Release */ = {
			isa = XCBuildConfiguration;
			buildSettings = {
				ALWAYS_SEARCH_USER_PATHS = NO;
				ASSETCATALOG_COMPILER_GENERATE_SWIFT_ASSET_SYMBOL_EXTENSIONS = YES;
				CLANG_ANALYZER_LOCALIZABILITY_NONLOCALIZED = YES;
				CLANG_ANALYZER_NONNULL = YES;
				CLANG_ANALYZER_NUMBER_OBJECT_CONVERSION = YES_AGGRESSIVE;
				CLANG_CXX_LANGUAGE_STANDARD = "gnu++20";
				CLANG_ENABLE_MODULES = YES;
				CLANG_ENABLE_OBJC_ARC = YES;
				CLANG_ENABLE_OBJC_WEAK = YES;
				CLANG_WARN_BLOCK_CAPTURE_AUTORELEASING = YES;
				CLANG_WARN_BOOL_CONVERSION = YES;
				CLANG_WARN_COMMA = YES;
				CLANG_WARN_CONSTANT_CONVERSION = YES;
				CLANG_WARN_DEPRECATED_OBJC_IMPLEMENTATIONS = YES;
				CLANG_WARN_DIRECT_OBJC_ISA_USAGE = YES_ERROR;
				CLANG_WARN_DOCUMENTATION_COMMENTS = YES;
				CLANG_WARN_EMPTY_BODY = YES;
				CLANG_WARN_ENUM_CONVERSION = YES;
				CLANG_WARN_INFINITE_RECURSION = YES;
				CLANG_WARN_INT_CONVERSION = YES;
				CLANG_WARN_NON_LITERAL_NULL_CONVERSION = YES;
				CLANG_WARN_OBJC_IMPLICIT_RETAIN_SELF = YES;
				CLANG_WARN_OBJC_LITERAL_CONVERSION = YES;
				CLANG_WARN_OBJC_ROOT_CLASS = YES_ERROR;
				CLANG_WARN_QUOTED_INCLUDE_IN_FRAMEWORK_HEADER = YES;
				CLANG_WARN_RANGE_LOOP_ANALYSIS = YES;
				CLANG_WARN_STRICT_PROTOTYPES = YES;
				CLANG_WARN_SUSPICIOUS_MOVE = YES;
				CLANG_WARN_UNGUARDED_AVAILABILITY = YES_AGGRESSIVE;
				CLANG_WARN_UNREACHABLE_CODE = YES;
				CLANG_WARN__DUPLICATE_METHOD_MATCH = YES;
				COPY_PHASE_STRIP = NO;
				DEAD_CODE_STRIPPING = YES;
				DEBUG_INFORMATION_FORMAT = "dwarf-with-dsym";
				ENABLE_NS_ASSERTIONS = NO;
				ENABLE_STRICT_OBJC_MSGSEND = YES;
				ENABLE_USER_SCRIPT_SANDBOXING = YES;
				GCC_C_LANGUAGE_STANDARD = gnu17;
				GCC_NO_COMMON_BLOCKS = YES;
				GCC_WARN_64_TO_32_BIT_CONVERSION = YES;
				GCC_WARN_ABOUT_RETURN_TYPE = YES_ERROR;
				GCC_WARN_UNDECLARED_SELECTOR = YES;
				GCC_WARN_UNINITIALIZED_AUTOS = YES_AGGRESSIVE;
				GCC_WARN_UNUSED_FUNCTION = YES;
				GCC_WARN_UNUSED_VARIABLE = YES;
				INFOPLIST_KEY_LSApplicationCategoryType = "public.app-category.news";
				IPHONEOS_DEPLOYMENT_TARGET = 17.0;
				LOCALIZATION_PREFERS_STRING_CATALOGS = YES;
				MTL_ENABLE_DEBUG_INFO = NO;
				MTL_FAST_MATH = YES;
				SWIFT_COMPILATION_MODE = wholemodule;
				SWIFT_STRICT_CONCURRENCY = minimal;
			};
			name = Release;
		};
		BF72AAB32AA0BFD400368DA5 /* Debug */ = {
			isa = XCBuildConfiguration;
			buildSettings = {
				ASSETCATALOG_COMPILER_APPICON_NAME = AppIcon;
				ASSETCATALOG_COMPILER_GLOBAL_ACCENT_COLOR_NAME = AccentColor;
				CODE_SIGN_ENTITLEMENTS = BobbysNews/Resource/BobbysNews.entitlements;
				CODE_SIGN_STYLE = Automatic;
				CURRENT_PROJECT_VERSION = 1;
				DEAD_CODE_STRIPPING = YES;
				DEVELOPMENT_ASSET_PATHS = "\"BobbysNews/Resource\"";
				DEVELOPMENT_TEAM = 94JQJE3TWJ;
				ENABLE_HARDENED_RUNTIME = YES;
				ENABLE_PREVIEWS = YES;
				GENERATE_INFOPLIST_FILE = YES;
				INFOPLIST_FILE = BobbysNews/Resource/Info.plist;
				INFOPLIST_KEY_CFBundleDisplayName = BobbysNews;
				INFOPLIST_KEY_LSApplicationCategoryType = "public.app-category.news";
				"INFOPLIST_KEY_UIApplicationSceneManifest_Generation[sdk=iphoneos*]" = YES;
				"INFOPLIST_KEY_UIApplicationSceneManifest_Generation[sdk=iphonesimulator*]" = YES;
				"INFOPLIST_KEY_UIApplicationSupportsIndirectInputEvents[sdk=iphoneos*]" = YES;
				"INFOPLIST_KEY_UIApplicationSupportsIndirectInputEvents[sdk=iphonesimulator*]" = YES;
				"INFOPLIST_KEY_UILaunchScreen_Generation[sdk=iphoneos*]" = YES;
				"INFOPLIST_KEY_UILaunchScreen_Generation[sdk=iphonesimulator*]" = YES;
				"INFOPLIST_KEY_UIStatusBarStyle[sdk=iphoneos*]" = UIStatusBarStyleDefault;
				"INFOPLIST_KEY_UIStatusBarStyle[sdk=iphonesimulator*]" = UIStatusBarStyleDefault;
				INFOPLIST_KEY_UISupportedInterfaceOrientations_iPad = "UIInterfaceOrientationPortrait UIInterfaceOrientationPortraitUpsideDown UIInterfaceOrientationLandscapeLeft UIInterfaceOrientationLandscapeRight";
				INFOPLIST_KEY_UISupportedInterfaceOrientations_iPhone = "UIInterfaceOrientationPortrait UIInterfaceOrientationLandscapeLeft UIInterfaceOrientationLandscapeRight";
				IPHONEOS_DEPLOYMENT_TARGET = 17.0;
				LD_RUNPATH_SEARCH_PATHS = "@executable_path/Frameworks";
				"LD_RUNPATH_SEARCH_PATHS[sdk=macosx*]" = "@executable_path/../Frameworks";
				MACOSX_DEPLOYMENT_TARGET = 13.5;
				MARKETING_VERSION = 1.0;
				PRODUCT_BUNDLE_IDENTIFIER = com.burakerol.BobbysNews;
				PRODUCT_NAME = "$(TARGET_NAME)";
				SDKROOT = auto;
				SUPPORTED_PLATFORMS = "iphoneos iphonesimulator";
				SUPPORTS_MACCATALYST = NO;
				SWIFT_EMIT_LOC_STRINGS = YES;
				SWIFT_VERSION = 5.0;
				TARGETED_DEVICE_FAMILY = "1,2";
				TVOS_DEPLOYMENT_TARGET = 17.0;
			};
			name = Debug;
		};
		BF72AAB42AA0BFD400368DA5 /* Release */ = {
			isa = XCBuildConfiguration;
			buildSettings = {
				ASSETCATALOG_COMPILER_APPICON_NAME = AppIcon;
				ASSETCATALOG_COMPILER_GLOBAL_ACCENT_COLOR_NAME = AccentColor;
				CODE_SIGN_ENTITLEMENTS = BobbysNews/Resource/BobbysNews.entitlements;
				CODE_SIGN_STYLE = Automatic;
				CURRENT_PROJECT_VERSION = 1;
				DEAD_CODE_STRIPPING = YES;
				DEVELOPMENT_ASSET_PATHS = "\"BobbysNews/Resource\"";
				DEVELOPMENT_TEAM = 94JQJE3TWJ;
				ENABLE_HARDENED_RUNTIME = YES;
				ENABLE_PREVIEWS = YES;
				GENERATE_INFOPLIST_FILE = YES;
				INFOPLIST_FILE = BobbysNews/Resource/Info.plist;
				INFOPLIST_KEY_CFBundleDisplayName = BobbysNews;
				INFOPLIST_KEY_LSApplicationCategoryType = "public.app-category.news";
				"INFOPLIST_KEY_UIApplicationSceneManifest_Generation[sdk=iphoneos*]" = YES;
				"INFOPLIST_KEY_UIApplicationSceneManifest_Generation[sdk=iphonesimulator*]" = YES;
				"INFOPLIST_KEY_UIApplicationSupportsIndirectInputEvents[sdk=iphoneos*]" = YES;
				"INFOPLIST_KEY_UIApplicationSupportsIndirectInputEvents[sdk=iphonesimulator*]" = YES;
				"INFOPLIST_KEY_UILaunchScreen_Generation[sdk=iphoneos*]" = YES;
				"INFOPLIST_KEY_UILaunchScreen_Generation[sdk=iphonesimulator*]" = YES;
				"INFOPLIST_KEY_UIStatusBarStyle[sdk=iphoneos*]" = UIStatusBarStyleDefault;
				"INFOPLIST_KEY_UIStatusBarStyle[sdk=iphonesimulator*]" = UIStatusBarStyleDefault;
				INFOPLIST_KEY_UISupportedInterfaceOrientations_iPad = "UIInterfaceOrientationPortrait UIInterfaceOrientationPortraitUpsideDown UIInterfaceOrientationLandscapeLeft UIInterfaceOrientationLandscapeRight";
				INFOPLIST_KEY_UISupportedInterfaceOrientations_iPhone = "UIInterfaceOrientationPortrait UIInterfaceOrientationLandscapeLeft UIInterfaceOrientationLandscapeRight";
				IPHONEOS_DEPLOYMENT_TARGET = 17.0;
				LD_RUNPATH_SEARCH_PATHS = "@executable_path/Frameworks";
				"LD_RUNPATH_SEARCH_PATHS[sdk=macosx*]" = "@executable_path/../Frameworks";
				MACOSX_DEPLOYMENT_TARGET = 13.5;
				MARKETING_VERSION = 1.0;
				PRODUCT_BUNDLE_IDENTIFIER = com.burakerol.BobbysNews;
				PRODUCT_NAME = "$(TARGET_NAME)";
				SDKROOT = auto;
				SUPPORTED_PLATFORMS = "iphoneos iphonesimulator";
				SUPPORTS_MACCATALYST = NO;
				SWIFT_EMIT_LOC_STRINGS = YES;
				SWIFT_VERSION = 5.0;
				TARGETED_DEVICE_FAMILY = "1,2";
				TVOS_DEPLOYMENT_TARGET = 17.0;
			};
			name = Release;
		};
		BF72AAB62AA0BFD400368DA5 /* Debug */ = {
			isa = XCBuildConfiguration;
			buildSettings = {
				ALWAYS_EMBED_SWIFT_STANDARD_LIBRARIES = YES;
				BUNDLE_LOADER = "$(TEST_HOST)";
				CODE_SIGN_STYLE = Automatic;
				CURRENT_PROJECT_VERSION = 1;
				DEAD_CODE_STRIPPING = YES;
				DEVELOPMENT_TEAM = 94JQJE3TWJ;
				GENERATE_INFOPLIST_FILE = YES;
				IPHONEOS_DEPLOYMENT_TARGET = 17.0;
				MACOSX_DEPLOYMENT_TARGET = 13.5;
				MARKETING_VERSION = 1.0;
				PRODUCT_BUNDLE_IDENTIFIER = com.burakerol.BobbysNewsTests;
				PRODUCT_NAME = "$(TARGET_NAME)";
				SDKROOT = auto;
				SUPPORTED_PLATFORMS = "iphoneos iphonesimulator";
				SUPPORTS_MACCATALYST = NO;
				SWIFT_EMIT_LOC_STRINGS = NO;
				SWIFT_VERSION = 5.0;
				TARGETED_DEVICE_FAMILY = "1,2";
				TEST_HOST = "$(BUILT_PRODUCTS_DIR)/BobbysNews.app/$(BUNDLE_EXECUTABLE_FOLDER_PATH)/BobbysNews";
				TVOS_DEPLOYMENT_TARGET = 17.0;
			};
			name = Debug;
		};
		BF72AAB72AA0BFD400368DA5 /* Release */ = {
			isa = XCBuildConfiguration;
			buildSettings = {
				ALWAYS_EMBED_SWIFT_STANDARD_LIBRARIES = YES;
				BUNDLE_LOADER = "$(TEST_HOST)";
				CODE_SIGN_STYLE = Automatic;
				CURRENT_PROJECT_VERSION = 1;
				DEAD_CODE_STRIPPING = YES;
				DEVELOPMENT_TEAM = 94JQJE3TWJ;
				GENERATE_INFOPLIST_FILE = YES;
				IPHONEOS_DEPLOYMENT_TARGET = 17.0;
				MACOSX_DEPLOYMENT_TARGET = 13.5;
				MARKETING_VERSION = 1.0;
				PRODUCT_BUNDLE_IDENTIFIER = com.burakerol.BobbysNewsTests;
				PRODUCT_NAME = "$(TARGET_NAME)";
				SDKROOT = auto;
				SUPPORTED_PLATFORMS = "iphoneos iphonesimulator";
				SUPPORTS_MACCATALYST = NO;
				SWIFT_EMIT_LOC_STRINGS = NO;
				SWIFT_VERSION = 5.0;
				TARGETED_DEVICE_FAMILY = "1,2";
				TEST_HOST = "$(BUILT_PRODUCTS_DIR)/BobbysNews.app/$(BUNDLE_EXECUTABLE_FOLDER_PATH)/BobbysNews";
				TVOS_DEPLOYMENT_TARGET = 17.0;
			};
			name = Release;
		};
		BF72AAB92AA0BFD400368DA5 /* Debug */ = {
			isa = XCBuildConfiguration;
			buildSettings = {
				ALWAYS_EMBED_SWIFT_STANDARD_LIBRARIES = YES;
				CODE_SIGN_STYLE = Automatic;
				CURRENT_PROJECT_VERSION = 1;
				DEAD_CODE_STRIPPING = YES;
				DEVELOPMENT_TEAM = 94JQJE3TWJ;
				GENERATE_INFOPLIST_FILE = YES;
				IPHONEOS_DEPLOYMENT_TARGET = 17.0;
				MACOSX_DEPLOYMENT_TARGET = 13.5;
				MARKETING_VERSION = 1.0;
				PRODUCT_BUNDLE_IDENTIFIER = com.burakerol.BobbysNewsUITests;
				PRODUCT_NAME = "$(TARGET_NAME)";
				SDKROOT = auto;
				SUPPORTED_PLATFORMS = "iphoneos iphonesimulator";
				SUPPORTS_MACCATALYST = NO;
				SWIFT_EMIT_LOC_STRINGS = NO;
				SWIFT_VERSION = 5.0;
				TARGETED_DEVICE_FAMILY = "1,2";
				TEST_TARGET_NAME = BobbysNews;
				TVOS_DEPLOYMENT_TARGET = 17.0;
			};
			name = Debug;
		};
		BF72AABA2AA0BFD400368DA5 /* Release */ = {
			isa = XCBuildConfiguration;
			buildSettings = {
				ALWAYS_EMBED_SWIFT_STANDARD_LIBRARIES = YES;
				CODE_SIGN_STYLE = Automatic;
				CURRENT_PROJECT_VERSION = 1;
				DEAD_CODE_STRIPPING = YES;
				DEVELOPMENT_TEAM = 94JQJE3TWJ;
				GENERATE_INFOPLIST_FILE = YES;
				IPHONEOS_DEPLOYMENT_TARGET = 17.0;
				MACOSX_DEPLOYMENT_TARGET = 13.5;
				MARKETING_VERSION = 1.0;
				PRODUCT_BUNDLE_IDENTIFIER = com.burakerol.BobbysNewsUITests;
				PRODUCT_NAME = "$(TARGET_NAME)";
				SDKROOT = auto;
				SUPPORTED_PLATFORMS = "iphoneos iphonesimulator";
				SUPPORTS_MACCATALYST = NO;
				SWIFT_EMIT_LOC_STRINGS = NO;
				SWIFT_VERSION = 5.0;
				TARGETED_DEVICE_FAMILY = "1,2";
				TEST_TARGET_NAME = BobbysNews;
				TVOS_DEPLOYMENT_TARGET = 17.0;
			};
			name = Release;
		};
/* End XCBuildConfiguration section */

/* Begin XCConfigurationList section */
		BF72AA822AA0BFD300368DA5 /* Build configuration list for PBXProject "BobbysNews" */ = {
			isa = XCConfigurationList;
			buildConfigurations = (
				BF72AAB02AA0BFD400368DA5 /* Debug */,
				BF72AAB12AA0BFD400368DA5 /* Release */,
			);
			defaultConfigurationIsVisible = 0;
			defaultConfigurationName = Release;
		};
		BF72AAB22AA0BFD400368DA5 /* Build configuration list for PBXNativeTarget "BobbysNews" */ = {
			isa = XCConfigurationList;
			buildConfigurations = (
				BF72AAB32AA0BFD400368DA5 /* Debug */,
				BF72AAB42AA0BFD400368DA5 /* Release */,
			);
			defaultConfigurationIsVisible = 0;
			defaultConfigurationName = Release;
		};
		BF72AAB52AA0BFD400368DA5 /* Build configuration list for PBXNativeTarget "BobbysNewsTests" */ = {
			isa = XCConfigurationList;
			buildConfigurations = (
				BF72AAB62AA0BFD400368DA5 /* Debug */,
				BF72AAB72AA0BFD400368DA5 /* Release */,
			);
			defaultConfigurationIsVisible = 0;
			defaultConfigurationName = Release;
		};
		BF72AAB82AA0BFD400368DA5 /* Build configuration list for PBXNativeTarget "BobbysNewsUITests" */ = {
			isa = XCConfigurationList;
			buildConfigurations = (
				BF72AAB92AA0BFD400368DA5 /* Debug */,
				BF72AABA2AA0BFD400368DA5 /* Release */,
			);
			defaultConfigurationIsVisible = 0;
			defaultConfigurationName = Release;
		};
/* End XCConfigurationList section */

/* Begin XCSwiftPackageProductDependency section */
		BFD1F8F12B6405F7003E425C /* BobbysNewsData */ = {
			isa = XCSwiftPackageProductDependency;
			productName = BobbysNewsData;
		};
		BFD1F8F32B6405F7003E425C /* BobbysNewsDomain */ = {
			isa = XCSwiftPackageProductDependency;
			productName = BobbysNewsDomain;
		};
/* End XCSwiftPackageProductDependency section */
	};
	rootObject = BF72AA7F2AA0BFD300368DA5 /* Project object */;
}
