{
  "originHash" : "80c2aaba57f45405a24fe24c2ec75ee3bfbe9a673b9a61a3a9bc9098479c99dc",
  "pins" : [
    {
      "identity" : "swiftformat",
      "kind" : "remoteSourceControl",
      "location" : "https://github.com/nicklockwood/SwiftFormat",
      "state" : {
        "revision" : "6ebb96ce454ddb036320104a1160350ee9581767",
        "version" : "0.56.4"
      }
    }
  ],
  "version" : 3
}
