{
  "originHash" : "34a8254f2f448cff58d7ad3e05d0c51e45fb58b8ec2a5f376299a231ddc28c3e",
  "pins" : [
    {
      "identity" : "swiftformat",
      "kind" : "remoteSourceControl",
      "location" : "https://github.com/nicklockwood/SwiftFormat",
      "state" : {
        "revision" : "2d5a2b6bde636c1feae2c852ab9a50f221e98c66",
        "version" : "0.55.3"
      }
    }
  ],
  "version" : 3
}
